// !$*UTF8*$!
{
	archiveVersion = 1;
	classes = {
	};
	objectVersion = 56;
	objects = {

/* Begin PBXBuildFile section */
		30660A832B0C6214000FD0E2 /* TMDBApi.framework in Frameworks */ = {isa = PBXBuildFile; fileRef = 30660A792B0C6214000FD0E2 /* TMDBApi.framework */; };
		30660A8A2B0C6214000FD0E2 /* TMDBApiTests.swift in Sources */ = {isa = PBXBuildFile; fileRef = 30660A892B0C6214000FD0E2 /* TMDBApiTests.swift */; };
		30660A8E2B0C6214000FD0E2 /* TMDBApi.framework in Frameworks */ = {isa = PBXBuildFile; fileRef = 30660A792B0C6214000FD0E2 /* TMDBApi.framework */; };
		30660A8F2B0C6214000FD0E2 /* TMDBApi.framework in Embed Frameworks */ = {isa = PBXBuildFile; fileRef = 30660A792B0C6214000FD0E2 /* TMDBApi.framework */; settings = {ATTRIBUTES = (CodeSignOnCopy, RemoveHeadersOnCopy, ); }; };
		30660A992B0C621F000FD0E2 /* ComposableArchitecture in Frameworks */ = {isa = PBXBuildFile; productRef = 30660A982B0C621F000FD0E2 /* ComposableArchitecture */; };
		30660A9B2B0C7AB8000FD0E2 /* TMDBServiceProtocol.swift in Sources */ = {isa = PBXBuildFile; fileRef = 30660A9A2B0C7AB8000FD0E2 /* TMDBServiceProtocol.swift */; };
		30660A9D2B0C7BB1000FD0E2 /* TMDBServerConfig.swift in Sources */ = {isa = PBXBuildFile; fileRef = 30660A9C2B0C7BB1000FD0E2 /* TMDBServerConfig.swift */; };
		30660A9F2B0C7CBA000FD0E2 /* OauthTokenAuthProtocol.swift in Sources */ = {isa = PBXBuildFile; fileRef = 30660A9E2B0C7CBA000FD0E2 /* OauthTokenAuthProtocol.swift */; };
		30660AA42B0C7DA4000FD0E2 /* NSURLSession.swift in Sources */ = {isa = PBXBuildFile; fileRef = 30660AA12B0C7DA4000FD0E2 /* NSURLSession.swift */; };
		30660AA52B0C7DA4000FD0E2 /* Encodable+Dictionary.swift in Sources */ = {isa = PBXBuildFile; fileRef = 30660AA22B0C7DA4000FD0E2 /* Encodable+Dictionary.swift */; };
		30660AA62B0C7DA4000FD0E2 /* Dictionary.swift in Sources */ = {isa = PBXBuildFile; fileRef = 30660AA32B0C7DA4000FD0E2 /* Dictionary.swift */; };
		30660AA82B0C7DAC000FD0E2 /* Method.swift in Sources */ = {isa = PBXBuildFile; fileRef = 30660AA72B0C7DAC000FD0E2 /* Method.swift */; };
		30660AAB2B0C7E05000FD0E2 /* ErrorEnvelope.swift in Sources */ = {isa = PBXBuildFile; fileRef = 30660AAA2B0C7E05000FD0E2 /* ErrorEnvelope.swift */; };
		30660AAD2B0C8E51000FD0E2 /* TMDMService+Helpers.swift in Sources */ = {isa = PBXBuildFile; fileRef = 30660AAC2B0C8E51000FD0E2 /* TMDMService+Helpers.swift */; };
		30660AAF2B0C8E67000FD0E2 /* TMDBService.swift in Sources */ = {isa = PBXBuildFile; fileRef = 30660AAE2B0C8E67000FD0E2 /* TMDBService.swift */; };
		30660AB12B0C8F59000FD0E2 /* Route.swift in Sources */ = {isa = PBXBuildFile; fileRef = 30660AB02B0C8F59000FD0E2 /* Route.swift */; };
		30660AB32B0C9021000FD0E2 /* TMDBService+DecodeHelpers.swift in Sources */ = {isa = PBXBuildFile; fileRef = 30660AB22B0C9021000FD0E2 /* TMDBService+DecodeHelpers.swift */; };
		30660AC32B0C946B000FD0E2 /* TMDBLibrary.framework in Frameworks */ = {isa = PBXBuildFile; fileRef = 30660AB92B0C946B000FD0E2 /* TMDBLibrary.framework */; };
		30660ACA2B0C946B000FD0E2 /* TMDBLibraryTests.swift in Sources */ = {isa = PBXBuildFile; fileRef = 30660AC92B0C946B000FD0E2 /* TMDBLibraryTests.swift */; };
		30660ACE2B0C946B000FD0E2 /* TMDBLibrary.framework in Frameworks */ = {isa = PBXBuildFile; fileRef = 30660AB92B0C946B000FD0E2 /* TMDBLibrary.framework */; };
		30660ACF2B0C946B000FD0E2 /* TMDBLibrary.framework in Embed Frameworks */ = {isa = PBXBuildFile; fileRef = 30660AB92B0C946B000FD0E2 /* TMDBLibrary.framework */; settings = {ATTRIBUTES = (CodeSignOnCopy, RemoveHeadersOnCopy, ); }; };
		30660AD72B0C9485000FD0E2 /* AppEnvironment.swift in Sources */ = {isa = PBXBuildFile; fileRef = 30660AD62B0C9485000FD0E2 /* AppEnvironment.swift */; };
		30660AD92B0C9496000FD0E2 /* AccessTokenEnvelope.swift in Sources */ = {isa = PBXBuildFile; fileRef = 30660AD82B0C9496000FD0E2 /* AccessTokenEnvelope.swift */; };
		30660ADB2B0C949E000FD0E2 /* Movie.swift in Sources */ = {isa = PBXBuildFile; fileRef = 30660ADA2B0C949E000FD0E2 /* Movie.swift */; };
		30660ADD2B0C94AB000FD0E2 /* Environment.swift in Sources */ = {isa = PBXBuildFile; fileRef = 30660ADC2B0C94AB000FD0E2 /* Environment.swift */; };
		30660AE02B0C966F000FD0E2 /* TMDBApi.framework in Frameworks */ = {isa = PBXBuildFile; fileRef = 30660A792B0C6214000FD0E2 /* TMDBApi.framework */; };
		30660AE12B0C966F000FD0E2 /* TMDBApi.framework in Embed Frameworks */ = {isa = PBXBuildFile; fileRef = 30660A792B0C6214000FD0E2 /* TMDBApi.framework */; settings = {ATTRIBUTES = (CodeSignOnCopy, RemoveHeadersOnCopy, ); }; };
		30660AE62B0C9678000FD0E2 /* ComposableArchitecture in Frameworks */ = {isa = PBXBuildFile; productRef = 30660AE52B0C9678000FD0E2 /* ComposableArchitecture */; };
		30660AEE2B0CA02D000FD0E2 /* RooTabBarStyles.swift in Sources */ = {isa = PBXBuildFile; fileRef = 30660AED2B0CA02D000FD0E2 /* RooTabBarStyles.swift */; };
		30660AF12B0CA208000FD0E2 /* UIImage+Extension.swift in Sources */ = {isa = PBXBuildFile; fileRef = 30660AF02B0CA208000FD0E2 /* UIImage+Extension.swift */; };
		30660AF82B0CA6CD000FD0E2 /* UpcomingMoviesView.swift in Sources */ = {isa = PBXBuildFile; fileRef = 30660AF72B0CA6CD000FD0E2 /* UpcomingMoviesView.swift */; };
		30660AFA2B0CAC11000FD0E2 /* PreviewCardView.swift in Sources */ = {isa = PBXBuildFile; fileRef = 30660AF92B0CAC11000FD0E2 /* PreviewCardView.swift */; };
		30660AFD2B0CAC63000FD0E2 /* Kingfisher in Frameworks */ = {isa = PBXBuildFile; productRef = 30660AFC2B0CAC63000FD0E2 /* Kingfisher */; };
		30660B002B0EE5E9000FD0E2 /* Appearance.swift in Sources */ = {isa = PBXBuildFile; fileRef = 30660AFF2B0EE5E9000FD0E2 /* Appearance.swift */; };
		3067940C2B0EE7FA004C7BF9 /* ButtonStyles.swift in Sources */ = {isa = PBXBuildFile; fileRef = 3067940B2B0EE7FA004C7BF9 /* ButtonStyles.swift */; };
		3067940E2B0EE916004C7BF9 /* Button+Extensions.swift in Sources */ = {isa = PBXBuildFile; fileRef = 3067940D2B0EE916004C7BF9 /* Button+Extensions.swift */; };
		3071A9972B0C467A007405B4 /* CombineTMDBMovieApp.swift in Sources */ = {isa = PBXBuildFile; fileRef = 3071A9962B0C467A007405B4 /* CombineTMDBMovieApp.swift */; };
		3071A9992B0C467A007405B4 /* RootTabBarView.swift in Sources */ = {isa = PBXBuildFile; fileRef = 3071A9982B0C467A007405B4 /* RootTabBarView.swift */; };
		3071A99B2B0C467B007405B4 /* Assets.xcassets in Resources */ = {isa = PBXBuildFile; fileRef = 3071A99A2B0C467B007405B4 /* Assets.xcassets */; };
		3071A99E2B0C467B007405B4 /* Preview Assets.xcassets in Resources */ = {isa = PBXBuildFile; fileRef = 3071A99D2B0C467B007405B4 /* Preview Assets.xcassets */; };
		3071A9A82B0C467B007405B4 /* CombineTMDBMovieTests.swift in Sources */ = {isa = PBXBuildFile; fileRef = 3071A9A72B0C467B007405B4 /* CombineTMDBMovieTests.swift */; };
		3071A9B22B0C467B007405B4 /* CombineTMDBMovieUITests.swift in Sources */ = {isa = PBXBuildFile; fileRef = 3071A9B12B0C467B007405B4 /* CombineTMDBMovieUITests.swift */; };
		3071A9B42B0C467B007405B4 /* CombineTMDBMovieUITestsLaunchTests.swift in Sources */ = {isa = PBXBuildFile; fileRef = 3071A9B32B0C467B007405B4 /* CombineTMDBMovieUITestsLaunchTests.swift */; };
		307A66162B0F54090023E980 /* ComposableArchitecture in Frameworks */ = {isa = PBXBuildFile; productRef = 307A66152B0F54090023E980 /* ComposableArchitecture */; };
		307A66182B0F581C0023E980 /* Kingfisher in Frameworks */ = {isa = PBXBuildFile; productRef = 307A66172B0F581C0023E980 /* Kingfisher */; };
		307A661A2B0F58250023E980 /* Kingfisher in Frameworks */ = {isa = PBXBuildFile; productRef = 307A66192B0F58250023E980 /* Kingfisher */; };
		307A661D2B0F58700023E980 /* Dependencies in Frameworks */ = {isa = PBXBuildFile; productRef = 307A661C2B0F58700023E980 /* Dependencies */; };
		307A661F2B0F58700023E980 /* DependenciesMacros in Frameworks */ = {isa = PBXBuildFile; productRef = 307A661E2B0F58700023E980 /* DependenciesMacros */; };
		307A66212B0F588B0023E980 /* Dependencies in Frameworks */ = {isa = PBXBuildFile; productRef = 307A66202B0F588B0023E980 /* Dependencies */; };
		307A66232B0F588B0023E980 /* DependenciesMacros in Frameworks */ = {isa = PBXBuildFile; productRef = 307A66222B0F588B0023E980 /* DependenciesMacros */; };
		307A66242B0F58930023E980 /* MoviesClient.swift in Sources */ = {isa = PBXBuildFile; fileRef = 3046035F2B0EF99E00D15922 /* MoviesClient.swift */; };
		3085EC642B103A7300DA50AA /* ConfigurationClient.swift in Sources */ = {isa = PBXBuildFile; fileRef = 3085EC632B103A7300DA50AA /* ConfigurationClient.swift */; };
		3085EC652B103C9600DA50AA /* RootTabBarFeature.swift in Sources */ = {isa = PBXBuildFile; fileRef = 30660AE72B0C968F000FD0E2 /* RootTabBarFeature.swift */; };
		3085EC662B103C9A00DA50AA /* UpcomingMoviesFeature.swift in Sources */ = {isa = PBXBuildFile; fileRef = 3067940F2B0EEEE4004C7BF9 /* UpcomingMoviesFeature.swift */; };
		3085EC6B2B107CB200DA50AA /* TvShowsFeature.swift in Sources */ = {isa = PBXBuildFile; fileRef = 3085EC6A2B107CB200DA50AA /* TvShowsFeature.swift */; };
		3085EC6D2B107D3300DA50AA /* TVsClient.swift in Sources */ = {isa = PBXBuildFile; fileRef = 3085EC6C2B107D3300DA50AA /* TVsClient.swift */; };
		3085EC6F2B107D9600DA50AA /* TvShow.swift in Sources */ = {isa = PBXBuildFile; fileRef = 3085EC6E2B107D9600DA50AA /* TvShow.swift */; };
		3085EC712B1081EB00DA50AA /* SharedFunctions.swift in Sources */ = {isa = PBXBuildFile; fileRef = 3085EC702B1081EB00DA50AA /* SharedFunctions.swift */; };
		3085EC732B1422CA00DA50AA /* NavigationHeaderFeature.swift in Sources */ = {isa = PBXBuildFile; fileRef = 3085EC722B1422CA00DA50AA /* NavigationHeaderFeature.swift */; };
		3085EC752B1426FD00DA50AA /* ScreenMirrorFeature.swift in Sources */ = {isa = PBXBuildFile; fileRef = 3085EC742B1426FD00DA50AA /* ScreenMirrorFeature.swift */; };
		3085EC782B14288900DA50AA /* CasePaths in Frameworks */ = {isa = PBXBuildFile; productRef = 3085EC772B14288900DA50AA /* CasePaths */; };
		3085EC7A2B14289800DA50AA /* CasePaths in Frameworks */ = {isa = PBXBuildFile; productRef = 3085EC792B14289800DA50AA /* CasePaths */; };
		3085EC7C2B142D2300DA50AA /* ScreenMirrorView.swift in Sources */ = {isa = PBXBuildFile; fileRef = 3085EC7B2B142D2300DA50AA /* ScreenMirrorView.swift */; };
		3085EC7E2B1433F000DA50AA /* ProgressButton.swift in Sources */ = {isa = PBXBuildFile; fileRef = 3085EC7D2B1433F000DA50AA /* ProgressButton.swift */; };
		3085EC812B143EB000DA50AA /* ActorsView.swift in Sources */ = {isa = PBXBuildFile; fileRef = 3085EC802B143EB000DA50AA /* ActorsView.swift */; };
		3085EC842B143F1B00DA50AA /* ActorHeader.swift in Sources */ = {isa = PBXBuildFile; fileRef = 3085EC832B143F1B00DA50AA /* ActorHeader.swift */; };
		3085EC872B14404000DA50AA /* ActorListView.swift in Sources */ = {isa = PBXBuildFile; fileRef = 3085EC862B14404000DA50AA /* ActorListView.swift */; };
		3085EC892B14416300DA50AA /* Person.swift in Sources */ = {isa = PBXBuildFile; fileRef = 3085EC882B14416300DA50AA /* Person.swift */; };
		3085EC8B2B1442FA00DA50AA /* PopularPersonClient.swift in Sources */ = {isa = PBXBuildFile; fileRef = 3085EC8A2B1442FA00DA50AA /* PopularPersonClient.swift */; };
		3085EC8D2B14458000DA50AA /* PopularPeopleFeature.swift in Sources */ = {isa = PBXBuildFile; fileRef = 3085EC8C2B14458000DA50AA /* PopularPeopleFeature.swift */; };
		3085EC902B14496B00DA50AA /* PersonRow.swift in Sources */ = {isa = PBXBuildFile; fileRef = 3085EC8F2B14496B00DA50AA /* PersonRow.swift */; };
		4440A05C2B11C2C900884A89 /* HomeViews.swift in Sources */ = {isa = PBXBuildFile; fileRef = 4440A05B2B11C2C900884A89 /* HomeViews.swift */; };
		4440A05F2B11CBB500884A89 /* HomeNavigationHeader.swift in Sources */ = {isa = PBXBuildFile; fileRef = 4440A05E2B11CBB500884A89 /* HomeNavigationHeader.swift */; };
		4440A0612B11CF3900884A89 /* RecommendMovieView.swift in Sources */ = {isa = PBXBuildFile; fileRef = 4440A0602B11CF3900884A89 /* RecommendMovieView.swift */; };
		4440A0632B11D52E00884A89 /* PlayButton.swift in Sources */ = {isa = PBXBuildFile; fileRef = 4440A0622B11D52E00884A89 /* PlayButton.swift */; };
		4440A0652B11D54000884A89 /* AddFavoriteButton.swift in Sources */ = {isa = PBXBuildFile; fileRef = 4440A0642B11D54000884A89 /* AddFavoriteButton.swift */; };
		4440A0682B12061B00884A89 /* NowPlayingMoviesView.swift in Sources */ = {isa = PBXBuildFile; fileRef = 4440A0672B12061B00884A89 /* NowPlayingMoviesView.swift */; };
		4440A06A2B12064500884A89 /* NowPlayingFeature.swift in Sources */ = {isa = PBXBuildFile; fileRef = 4440A0692B12064500884A89 /* NowPlayingFeature.swift */; };
		4440A06D2B120AAC00884A89 /* HomeSection+Modifier.swift in Sources */ = {isa = PBXBuildFile; fileRef = 4440A06C2B120AAC00884A89 /* HomeSection+Modifier.swift */; };
		4440A0702B120EC000884A89 /* MoviesView.swift in Sources */ = {isa = PBXBuildFile; fileRef = 4440A06F2B120EC000884A89 /* MoviesView.swift */; };
		4440A0732B1213B100884A89 /* RecommendMovieFeature.swift in Sources */ = {isa = PBXBuildFile; fileRef = 4440A0722B1213B100884A89 /* RecommendMovieFeature.swift */; };
		4440A0752B12210800884A89 /* GenresClient.swift in Sources */ = {isa = PBXBuildFile; fileRef = 4440A0742B12210800884A89 /* GenresClient.swift */; };
		4440A0772B12215500884A89 /* Genre.swift in Sources */ = {isa = PBXBuildFile; fileRef = 4440A0762B12215500884A89 /* Genre.swift */; };
		4440A0792B13144D00884A89 /* NavigationBarItemStyles.swift in Sources */ = {isa = PBXBuildFile; fileRef = 4440A0782B13144D00884A89 /* NavigationBarItemStyles.swift */; };
		4440A07B2B13173900884A89 /* TopRatedMoviesFeature.swift in Sources */ = {isa = PBXBuildFile; fileRef = 4440A07A2B13173900884A89 /* TopRatedMoviesFeature.swift */; };
		4440A07D2B13180E00884A89 /* TopRatedMoviesView.swift in Sources */ = {isa = PBXBuildFile; fileRef = 4440A07C2B13180E00884A89 /* TopRatedMoviesView.swift */; };
		4440A07F2B131F2B00884A89 /* HomeSortPagerView.swift in Sources */ = {isa = PBXBuildFile; fileRef = 4440A07E2B131F2B00884A89 /* HomeSortPagerView.swift */; };
		4440A0812B132AC900884A89 /* Image+Extension.swift in Sources */ = {isa = PBXBuildFile; fileRef = 4440A0802B132AC900884A89 /* Image+Extension.swift */; };
		4440A0852B13347900884A89 /* TrendingView.swift in Sources */ = {isa = PBXBuildFile; fileRef = 4440A0842B13347900884A89 /* TrendingView.swift */; };
		4440A0882B13353800884A89 /* TrendingHeader.swift in Sources */ = {isa = PBXBuildFile; fileRef = 4440A0872B13353800884A89 /* TrendingHeader.swift */; };
		4440A08A2B13362100884A89 /* TrendingSortPagersView.swift in Sources */ = {isa = PBXBuildFile; fileRef = 4440A0892B13362100884A89 /* TrendingSortPagersView.swift */; };
		4440A08C2B135C2B00884A89 /* TrendingClient.swift in Sources */ = {isa = PBXBuildFile; fileRef = 4440A08B2B135C2B00884A89 /* TrendingClient.swift */; };
		4440A08E2B135D7A00884A89 /* TrendingFeature.swift in Sources */ = {isa = PBXBuildFile; fileRef = 4440A08D2B135D7A00884A89 /* TrendingFeature.swift */; };
		4440A0912B135FA200884A89 /* TrendingList.swift in Sources */ = {isa = PBXBuildFile; fileRef = 4440A0902B135FA200884A89 /* TrendingList.swift */; };
		4440A0932B13693E00884A89 /* DateFormatClient.swift in Sources */ = {isa = PBXBuildFile; fileRef = 4440A0922B13693E00884A89 /* DateFormatClient.swift */; };
/* End PBXBuildFile section */

/* Begin PBXContainerItemProxy section */
		30660A842B0C6214000FD0E2 /* PBXContainerItemProxy */ = {
			isa = PBXContainerItemProxy;
			containerPortal = 3071A98B2B0C467A007405B4 /* Project object */;
			proxyType = 1;
			remoteGlobalIDString = 30660A782B0C6214000FD0E2;
			remoteInfo = TMDBApi;
		};
		30660A862B0C6214000FD0E2 /* PBXContainerItemProxy */ = {
			isa = PBXContainerItemProxy;
			containerPortal = 3071A98B2B0C467A007405B4 /* Project object */;
			proxyType = 1;
			remoteGlobalIDString = 3071A9922B0C467A007405B4;
			remoteInfo = CombineTMDBMovie;
		};
		30660A8C2B0C6214000FD0E2 /* PBXContainerItemProxy */ = {
			isa = PBXContainerItemProxy;
			containerPortal = 3071A98B2B0C467A007405B4 /* Project object */;
			proxyType = 1;
			remoteGlobalIDString = 30660A782B0C6214000FD0E2;
			remoteInfo = TMDBApi;
		};
		30660AC42B0C946B000FD0E2 /* PBXContainerItemProxy */ = {
			isa = PBXContainerItemProxy;
			containerPortal = 3071A98B2B0C467A007405B4 /* Project object */;
			proxyType = 1;
			remoteGlobalIDString = 30660AB82B0C946B000FD0E2;
			remoteInfo = TMDBLibrary;
		};
		30660AC62B0C946B000FD0E2 /* PBXContainerItemProxy */ = {
			isa = PBXContainerItemProxy;
			containerPortal = 3071A98B2B0C467A007405B4 /* Project object */;
			proxyType = 1;
			remoteGlobalIDString = 3071A9922B0C467A007405B4;
			remoteInfo = CombineTMDBMovie;
		};
		30660ACC2B0C946B000FD0E2 /* PBXContainerItemProxy */ = {
			isa = PBXContainerItemProxy;
			containerPortal = 3071A98B2B0C467A007405B4 /* Project object */;
			proxyType = 1;
			remoteGlobalIDString = 30660AB82B0C946B000FD0E2;
			remoteInfo = TMDBLibrary;
		};
		30660AE22B0C966F000FD0E2 /* PBXContainerItemProxy */ = {
			isa = PBXContainerItemProxy;
			containerPortal = 3071A98B2B0C467A007405B4 /* Project object */;
			proxyType = 1;
			remoteGlobalIDString = 30660A782B0C6214000FD0E2;
			remoteInfo = TMDBApi;
		};
		3071A9A42B0C467B007405B4 /* PBXContainerItemProxy */ = {
			isa = PBXContainerItemProxy;
			containerPortal = 3071A98B2B0C467A007405B4 /* Project object */;
			proxyType = 1;
			remoteGlobalIDString = 3071A9922B0C467A007405B4;
			remoteInfo = CombineTMDBMovie;
		};
		3071A9AE2B0C467B007405B4 /* PBXContainerItemProxy */ = {
			isa = PBXContainerItemProxy;
			containerPortal = 3071A98B2B0C467A007405B4 /* Project object */;
			proxyType = 1;
			remoteGlobalIDString = 3071A9922B0C467A007405B4;
			remoteInfo = CombineTMDBMovie;
		};
/* End PBXContainerItemProxy section */

/* Begin PBXCopyFilesBuildPhase section */
		30660A932B0C6214000FD0E2 /* Embed Frameworks */ = {
			isa = PBXCopyFilesBuildPhase;
			buildActionMask = 2147483647;
			dstPath = "";
			dstSubfolderSpec = 10;
			files = (
				30660A8F2B0C6214000FD0E2 /* TMDBApi.framework in Embed Frameworks */,
				30660ACF2B0C946B000FD0E2 /* TMDBLibrary.framework in Embed Frameworks */,
			);
			name = "Embed Frameworks";
			runOnlyForDeploymentPostprocessing = 0;
		};
		30660AE42B0C966F000FD0E2 /* Embed Frameworks */ = {
			isa = PBXCopyFilesBuildPhase;
			buildActionMask = 2147483647;
			dstPath = "";
			dstSubfolderSpec = 10;
			files = (
				30660AE12B0C966F000FD0E2 /* TMDBApi.framework in Embed Frameworks */,
			);
			name = "Embed Frameworks";
			runOnlyForDeploymentPostprocessing = 0;
		};
/* End PBXCopyFilesBuildPhase section */

/* Begin PBXFileReference section */
		3046035F2B0EF99E00D15922 /* MoviesClient.swift */ = {isa = PBXFileReference; lastKnownFileType = sourcecode.swift; path = MoviesClient.swift; sourceTree = "<group>"; };
		30660A792B0C6214000FD0E2 /* TMDBApi.framework */ = {isa = PBXFileReference; explicitFileType = wrapper.framework; includeInIndex = 0; path = TMDBApi.framework; sourceTree = BUILT_PRODUCTS_DIR; };
		30660A822B0C6214000FD0E2 /* TMDBApiTests.xctest */ = {isa = PBXFileReference; explicitFileType = wrapper.cfbundle; includeInIndex = 0; path = TMDBApiTests.xctest; sourceTree = BUILT_PRODUCTS_DIR; };
		30660A892B0C6214000FD0E2 /* TMDBApiTests.swift */ = {isa = PBXFileReference; lastKnownFileType = sourcecode.swift; path = TMDBApiTests.swift; sourceTree = "<group>"; };
		30660A9A2B0C7AB8000FD0E2 /* TMDBServiceProtocol.swift */ = {isa = PBXFileReference; lastKnownFileType = sourcecode.swift; path = TMDBServiceProtocol.swift; sourceTree = "<group>"; };
		30660A9C2B0C7BB1000FD0E2 /* TMDBServerConfig.swift */ = {isa = PBXFileReference; lastKnownFileType = sourcecode.swift; path = TMDBServerConfig.swift; sourceTree = "<group>"; };
		30660A9E2B0C7CBA000FD0E2 /* OauthTokenAuthProtocol.swift */ = {isa = PBXFileReference; lastKnownFileType = sourcecode.swift; path = OauthTokenAuthProtocol.swift; sourceTree = "<group>"; };
		30660AA12B0C7DA4000FD0E2 /* NSURLSession.swift */ = {isa = PBXFileReference; fileEncoding = 4; lastKnownFileType = sourcecode.swift; path = NSURLSession.swift; sourceTree = "<group>"; };
		30660AA22B0C7DA4000FD0E2 /* Encodable+Dictionary.swift */ = {isa = PBXFileReference; fileEncoding = 4; lastKnownFileType = sourcecode.swift; path = "Encodable+Dictionary.swift"; sourceTree = "<group>"; };
		30660AA32B0C7DA4000FD0E2 /* Dictionary.swift */ = {isa = PBXFileReference; fileEncoding = 4; lastKnownFileType = sourcecode.swift; path = Dictionary.swift; sourceTree = "<group>"; };
		30660AA72B0C7DAC000FD0E2 /* Method.swift */ = {isa = PBXFileReference; fileEncoding = 4; lastKnownFileType = sourcecode.swift; path = Method.swift; sourceTree = "<group>"; };
		30660AAA2B0C7E05000FD0E2 /* ErrorEnvelope.swift */ = {isa = PBXFileReference; lastKnownFileType = sourcecode.swift; path = ErrorEnvelope.swift; sourceTree = "<group>"; };
		30660AAC2B0C8E51000FD0E2 /* TMDMService+Helpers.swift */ = {isa = PBXFileReference; lastKnownFileType = sourcecode.swift; path = "TMDMService+Helpers.swift"; sourceTree = "<group>"; };
		30660AAE2B0C8E67000FD0E2 /* TMDBService.swift */ = {isa = PBXFileReference; lastKnownFileType = sourcecode.swift; path = TMDBService.swift; sourceTree = "<group>"; };
		30660AB02B0C8F59000FD0E2 /* Route.swift */ = {isa = PBXFileReference; lastKnownFileType = sourcecode.swift; path = Route.swift; sourceTree = "<group>"; };
		30660AB22B0C9021000FD0E2 /* TMDBService+DecodeHelpers.swift */ = {isa = PBXFileReference; lastKnownFileType = sourcecode.swift; path = "TMDBService+DecodeHelpers.swift"; sourceTree = "<group>"; };
		30660AB92B0C946B000FD0E2 /* TMDBLibrary.framework */ = {isa = PBXFileReference; explicitFileType = wrapper.framework; includeInIndex = 0; path = TMDBLibrary.framework; sourceTree = BUILT_PRODUCTS_DIR; };
		30660AC22B0C946B000FD0E2 /* TMDBLibraryTests.xctest */ = {isa = PBXFileReference; explicitFileType = wrapper.cfbundle; includeInIndex = 0; path = TMDBLibraryTests.xctest; sourceTree = BUILT_PRODUCTS_DIR; };
		30660AC92B0C946B000FD0E2 /* TMDBLibraryTests.swift */ = {isa = PBXFileReference; lastKnownFileType = sourcecode.swift; path = TMDBLibraryTests.swift; sourceTree = "<group>"; };
		30660AD62B0C9485000FD0E2 /* AppEnvironment.swift */ = {isa = PBXFileReference; fileEncoding = 4; lastKnownFileType = sourcecode.swift; path = AppEnvironment.swift; sourceTree = "<group>"; };
		30660AD82B0C9496000FD0E2 /* AccessTokenEnvelope.swift */ = {isa = PBXFileReference; fileEncoding = 4; lastKnownFileType = sourcecode.swift; path = AccessTokenEnvelope.swift; sourceTree = "<group>"; };
		30660ADA2B0C949E000FD0E2 /* Movie.swift */ = {isa = PBXFileReference; fileEncoding = 4; lastKnownFileType = sourcecode.swift; path = Movie.swift; sourceTree = "<group>"; };
		30660ADC2B0C94AB000FD0E2 /* Environment.swift */ = {isa = PBXFileReference; fileEncoding = 4; lastKnownFileType = sourcecode.swift; path = Environment.swift; sourceTree = "<group>"; };
		30660AE72B0C968F000FD0E2 /* RootTabBarFeature.swift */ = {isa = PBXFileReference; lastKnownFileType = sourcecode.swift; path = RootTabBarFeature.swift; sourceTree = "<group>"; };
		30660AED2B0CA02D000FD0E2 /* RooTabBarStyles.swift */ = {isa = PBXFileReference; lastKnownFileType = sourcecode.swift; path = RooTabBarStyles.swift; sourceTree = "<group>"; };
		30660AF02B0CA208000FD0E2 /* UIImage+Extension.swift */ = {isa = PBXFileReference; lastKnownFileType = sourcecode.swift; path = "UIImage+Extension.swift"; sourceTree = "<group>"; };
		30660AF72B0CA6CD000FD0E2 /* UpcomingMoviesView.swift */ = {isa = PBXFileReference; lastKnownFileType = sourcecode.swift; path = UpcomingMoviesView.swift; sourceTree = "<group>"; };
		30660AF92B0CAC11000FD0E2 /* PreviewCardView.swift */ = {isa = PBXFileReference; lastKnownFileType = sourcecode.swift; path = PreviewCardView.swift; sourceTree = "<group>"; };
		30660AFF2B0EE5E9000FD0E2 /* Appearance.swift */ = {isa = PBXFileReference; lastKnownFileType = sourcecode.swift; path = Appearance.swift; sourceTree = "<group>"; };
		3067940B2B0EE7FA004C7BF9 /* ButtonStyles.swift */ = {isa = PBXFileReference; lastKnownFileType = sourcecode.swift; path = ButtonStyles.swift; sourceTree = "<group>"; };
		3067940D2B0EE916004C7BF9 /* Button+Extensions.swift */ = {isa = PBXFileReference; lastKnownFileType = sourcecode.swift; path = "Button+Extensions.swift"; sourceTree = "<group>"; };
		3067940F2B0EEEE4004C7BF9 /* UpcomingMoviesFeature.swift */ = {isa = PBXFileReference; lastKnownFileType = sourcecode.swift; path = UpcomingMoviesFeature.swift; sourceTree = "<group>"; };
		3071A9932B0C467A007405B4 /* CombineTMDBMovie.app */ = {isa = PBXFileReference; explicitFileType = wrapper.application; includeInIndex = 0; path = CombineTMDBMovie.app; sourceTree = BUILT_PRODUCTS_DIR; };
		3071A9962B0C467A007405B4 /* CombineTMDBMovieApp.swift */ = {isa = PBXFileReference; lastKnownFileType = sourcecode.swift; path = CombineTMDBMovieApp.swift; sourceTree = "<group>"; };
		3071A9982B0C467A007405B4 /* RootTabBarView.swift */ = {isa = PBXFileReference; lastKnownFileType = sourcecode.swift; path = RootTabBarView.swift; sourceTree = "<group>"; };
		3071A99A2B0C467B007405B4 /* Assets.xcassets */ = {isa = PBXFileReference; lastKnownFileType = folder.assetcatalog; path = Assets.xcassets; sourceTree = "<group>"; };
		3071A99D2B0C467B007405B4 /* Preview Assets.xcassets */ = {isa = PBXFileReference; lastKnownFileType = folder.assetcatalog; path = "Preview Assets.xcassets"; sourceTree = "<group>"; };
		3071A9A32B0C467B007405B4 /* CombineTMDBMovieTests.xctest */ = {isa = PBXFileReference; explicitFileType = wrapper.cfbundle; includeInIndex = 0; path = CombineTMDBMovieTests.xctest; sourceTree = BUILT_PRODUCTS_DIR; };
		3071A9A72B0C467B007405B4 /* CombineTMDBMovieTests.swift */ = {isa = PBXFileReference; lastKnownFileType = sourcecode.swift; path = CombineTMDBMovieTests.swift; sourceTree = "<group>"; };
		3071A9AD2B0C467B007405B4 /* CombineTMDBMovieUITests.xctest */ = {isa = PBXFileReference; explicitFileType = wrapper.cfbundle; includeInIndex = 0; path = CombineTMDBMovieUITests.xctest; sourceTree = BUILT_PRODUCTS_DIR; };
		3071A9B12B0C467B007405B4 /* CombineTMDBMovieUITests.swift */ = {isa = PBXFileReference; lastKnownFileType = sourcecode.swift; path = CombineTMDBMovieUITests.swift; sourceTree = "<group>"; };
		3071A9B32B0C467B007405B4 /* CombineTMDBMovieUITestsLaunchTests.swift */ = {isa = PBXFileReference; lastKnownFileType = sourcecode.swift; path = CombineTMDBMovieUITestsLaunchTests.swift; sourceTree = "<group>"; };
		3085EC632B103A7300DA50AA /* ConfigurationClient.swift */ = {isa = PBXFileReference; lastKnownFileType = sourcecode.swift; path = ConfigurationClient.swift; sourceTree = "<group>"; };
		3085EC6A2B107CB200DA50AA /* TvShowsFeature.swift */ = {isa = PBXFileReference; lastKnownFileType = sourcecode.swift; path = TvShowsFeature.swift; sourceTree = "<group>"; };
		3085EC6C2B107D3300DA50AA /* TVsClient.swift */ = {isa = PBXFileReference; lastKnownFileType = sourcecode.swift; path = TVsClient.swift; sourceTree = "<group>"; };
		3085EC6E2B107D9600DA50AA /* TvShow.swift */ = {isa = PBXFileReference; lastKnownFileType = sourcecode.swift; path = TvShow.swift; sourceTree = "<group>"; };
		3085EC702B1081EB00DA50AA /* SharedFunctions.swift */ = {isa = PBXFileReference; lastKnownFileType = sourcecode.swift; path = SharedFunctions.swift; sourceTree = "<group>"; };
		3085EC722B1422CA00DA50AA /* NavigationHeaderFeature.swift */ = {isa = PBXFileReference; lastKnownFileType = sourcecode.swift; path = NavigationHeaderFeature.swift; sourceTree = "<group>"; };
		3085EC742B1426FD00DA50AA /* ScreenMirrorFeature.swift */ = {isa = PBXFileReference; lastKnownFileType = sourcecode.swift; path = ScreenMirrorFeature.swift; sourceTree = "<group>"; };
		3085EC7B2B142D2300DA50AA /* ScreenMirrorView.swift */ = {isa = PBXFileReference; lastKnownFileType = sourcecode.swift; path = ScreenMirrorView.swift; sourceTree = "<group>"; };
		3085EC7D2B1433F000DA50AA /* ProgressButton.swift */ = {isa = PBXFileReference; lastKnownFileType = sourcecode.swift; path = ProgressButton.swift; sourceTree = "<group>"; };
		3085EC802B143EB000DA50AA /* ActorsView.swift */ = {isa = PBXFileReference; lastKnownFileType = sourcecode.swift; path = ActorsView.swift; sourceTree = "<group>"; };
		3085EC832B143F1B00DA50AA /* ActorHeader.swift */ = {isa = PBXFileReference; lastKnownFileType = sourcecode.swift; path = ActorHeader.swift; sourceTree = "<group>"; };
		3085EC862B14404000DA50AA /* ActorListView.swift */ = {isa = PBXFileReference; lastKnownFileType = sourcecode.swift; path = ActorListView.swift; sourceTree = "<group>"; };
		3085EC882B14416300DA50AA /* Person.swift */ = {isa = PBXFileReference; lastKnownFileType = sourcecode.swift; path = Person.swift; sourceTree = "<group>"; };
		3085EC8A2B1442FA00DA50AA /* PopularPersonClient.swift */ = {isa = PBXFileReference; lastKnownFileType = sourcecode.swift; path = PopularPersonClient.swift; sourceTree = "<group>"; };
		3085EC8C2B14458000DA50AA /* PopularPeopleFeature.swift */ = {isa = PBXFileReference; lastKnownFileType = sourcecode.swift; path = PopularPeopleFeature.swift; sourceTree = "<group>"; };
		3085EC8F2B14496B00DA50AA /* PersonRow.swift */ = {isa = PBXFileReference; lastKnownFileType = sourcecode.swift; path = PersonRow.swift; sourceTree = "<group>"; };
		4440A05B2B11C2C900884A89 /* HomeViews.swift */ = {isa = PBXFileReference; lastKnownFileType = sourcecode.swift; path = HomeViews.swift; sourceTree = "<group>"; };
		4440A05E2B11CBB500884A89 /* HomeNavigationHeader.swift */ = {isa = PBXFileReference; lastKnownFileType = sourcecode.swift; path = HomeNavigationHeader.swift; sourceTree = "<group>"; };
		4440A0602B11CF3900884A89 /* RecommendMovieView.swift */ = {isa = PBXFileReference; lastKnownFileType = sourcecode.swift; path = RecommendMovieView.swift; sourceTree = "<group>"; };
		4440A0622B11D52E00884A89 /* PlayButton.swift */ = {isa = PBXFileReference; lastKnownFileType = sourcecode.swift; path = PlayButton.swift; sourceTree = "<group>"; };
		4440A0642B11D54000884A89 /* AddFavoriteButton.swift */ = {isa = PBXFileReference; lastKnownFileType = sourcecode.swift; path = AddFavoriteButton.swift; sourceTree = "<group>"; };
		4440A0672B12061B00884A89 /* NowPlayingMoviesView.swift */ = {isa = PBXFileReference; lastKnownFileType = sourcecode.swift; path = NowPlayingMoviesView.swift; sourceTree = "<group>"; };
		4440A0692B12064500884A89 /* NowPlayingFeature.swift */ = {isa = PBXFileReference; lastKnownFileType = sourcecode.swift; path = NowPlayingFeature.swift; sourceTree = "<group>"; };
		4440A06C2B120AAC00884A89 /* HomeSection+Modifier.swift */ = {isa = PBXFileReference; lastKnownFileType = sourcecode.swift; path = "HomeSection+Modifier.swift"; sourceTree = "<group>"; };
		4440A06F2B120EC000884A89 /* MoviesView.swift */ = {isa = PBXFileReference; lastKnownFileType = sourcecode.swift; path = MoviesView.swift; sourceTree = "<group>"; };
		4440A0722B1213B100884A89 /* RecommendMovieFeature.swift */ = {isa = PBXFileReference; lastKnownFileType = sourcecode.swift; path = RecommendMovieFeature.swift; sourceTree = "<group>"; };
		4440A0742B12210800884A89 /* GenresClient.swift */ = {isa = PBXFileReference; lastKnownFileType = sourcecode.swift; path = GenresClient.swift; sourceTree = "<group>"; };
		4440A0762B12215500884A89 /* Genre.swift */ = {isa = PBXFileReference; lastKnownFileType = sourcecode.swift; path = Genre.swift; sourceTree = "<group>"; };
		4440A0782B13144D00884A89 /* NavigationBarItemStyles.swift */ = {isa = PBXFileReference; lastKnownFileType = sourcecode.swift; path = NavigationBarItemStyles.swift; sourceTree = "<group>"; };
		4440A07A2B13173900884A89 /* TopRatedMoviesFeature.swift */ = {isa = PBXFileReference; lastKnownFileType = sourcecode.swift; path = TopRatedMoviesFeature.swift; sourceTree = "<group>"; };
		4440A07C2B13180E00884A89 /* TopRatedMoviesView.swift */ = {isa = PBXFileReference; lastKnownFileType = sourcecode.swift; path = TopRatedMoviesView.swift; sourceTree = "<group>"; };
		4440A07E2B131F2B00884A89 /* HomeSortPagerView.swift */ = {isa = PBXFileReference; lastKnownFileType = sourcecode.swift; path = HomeSortPagerView.swift; sourceTree = "<group>"; };
		4440A0802B132AC900884A89 /* Image+Extension.swift */ = {isa = PBXFileReference; lastKnownFileType = sourcecode.swift; path = "Image+Extension.swift"; sourceTree = "<group>"; };
		4440A0842B13347900884A89 /* TrendingView.swift */ = {isa = PBXFileReference; lastKnownFileType = sourcecode.swift; path = TrendingView.swift; sourceTree = "<group>"; };
		4440A0872B13353800884A89 /* TrendingHeader.swift */ = {isa = PBXFileReference; lastKnownFileType = sourcecode.swift; path = TrendingHeader.swift; sourceTree = "<group>"; };
		4440A0892B13362100884A89 /* TrendingSortPagersView.swift */ = {isa = PBXFileReference; lastKnownFileType = sourcecode.swift; path = TrendingSortPagersView.swift; sourceTree = "<group>"; };
		4440A08B2B135C2B00884A89 /* TrendingClient.swift */ = {isa = PBXFileReference; lastKnownFileType = sourcecode.swift; path = TrendingClient.swift; sourceTree = "<group>"; };
		4440A08D2B135D7A00884A89 /* TrendingFeature.swift */ = {isa = PBXFileReference; lastKnownFileType = sourcecode.swift; path = TrendingFeature.swift; sourceTree = "<group>"; };
		4440A0902B135FA200884A89 /* TrendingList.swift */ = {isa = PBXFileReference; lastKnownFileType = sourcecode.swift; path = TrendingList.swift; sourceTree = "<group>"; };
		4440A0922B13693E00884A89 /* DateFormatClient.swift */ = {isa = PBXFileReference; lastKnownFileType = sourcecode.swift; path = DateFormatClient.swift; sourceTree = "<group>"; };
/* End PBXFileReference section */

/* Begin PBXFrameworksBuildPhase section */
		30660A762B0C6214000FD0E2 /* Frameworks */ = {
			isa = PBXFrameworksBuildPhase;
			buildActionMask = 2147483647;
			files = (
				307A661A2B0F58250023E980 /* Kingfisher in Frameworks */,
				30660A992B0C621F000FD0E2 /* ComposableArchitecture in Frameworks */,
			);
			runOnlyForDeploymentPostprocessing = 0;
		};
		30660A7F2B0C6214000FD0E2 /* Frameworks */ = {
			isa = PBXFrameworksBuildPhase;
			buildActionMask = 2147483647;
			files = (
				30660A832B0C6214000FD0E2 /* TMDBApi.framework in Frameworks */,
			);
			runOnlyForDeploymentPostprocessing = 0;
		};
		30660AB62B0C946B000FD0E2 /* Frameworks */ = {
			isa = PBXFrameworksBuildPhase;
			buildActionMask = 2147483647;
			files = (
				307A66182B0F581C0023E980 /* Kingfisher in Frameworks */,
				30660AE62B0C9678000FD0E2 /* ComposableArchitecture in Frameworks */,
				307A66232B0F588B0023E980 /* DependenciesMacros in Frameworks */,
				30660AE02B0C966F000FD0E2 /* TMDBApi.framework in Frameworks */,
				307A66212B0F588B0023E980 /* Dependencies in Frameworks */,
				3085EC782B14288900DA50AA /* CasePaths in Frameworks */,
			);
			runOnlyForDeploymentPostprocessing = 0;
		};
		30660ABF2B0C946B000FD0E2 /* Frameworks */ = {
			isa = PBXFrameworksBuildPhase;
			buildActionMask = 2147483647;
			files = (
				30660AC32B0C946B000FD0E2 /* TMDBLibrary.framework in Frameworks */,
			);
			runOnlyForDeploymentPostprocessing = 0;
		};
		3071A9902B0C467A007405B4 /* Frameworks */ = {
			isa = PBXFrameworksBuildPhase;
			buildActionMask = 2147483647;
			files = (
				307A661D2B0F58700023E980 /* Dependencies in Frameworks */,
				30660AFD2B0CAC63000FD0E2 /* Kingfisher in Frameworks */,
				307A661F2B0F58700023E980 /* DependenciesMacros in Frameworks */,
				30660ACE2B0C946B000FD0E2 /* TMDBLibrary.framework in Frameworks */,
				307A66162B0F54090023E980 /* ComposableArchitecture in Frameworks */,
				3085EC7A2B14289800DA50AA /* CasePaths in Frameworks */,
				30660A8E2B0C6214000FD0E2 /* TMDBApi.framework in Frameworks */,
			);
			runOnlyForDeploymentPostprocessing = 0;
		};
		3071A9A02B0C467B007405B4 /* Frameworks */ = {
			isa = PBXFrameworksBuildPhase;
			buildActionMask = 2147483647;
			files = (
			);
			runOnlyForDeploymentPostprocessing = 0;
		};
		3071A9AA2B0C467B007405B4 /* Frameworks */ = {
			isa = PBXFrameworksBuildPhase;
			buildActionMask = 2147483647;
			files = (
			);
			runOnlyForDeploymentPostprocessing = 0;
		};
/* End PBXFrameworksBuildPhase section */

/* Begin PBXGroup section */
		3046035E2B0EF99200D15922 /* client */ = {
			isa = PBXGroup;
			children = (
				3046035F2B0EF99E00D15922 /* MoviesClient.swift */,
				3085EC632B103A7300DA50AA /* ConfigurationClient.swift */,
				3085EC6C2B107D3300DA50AA /* TVsClient.swift */,
				4440A0742B12210800884A89 /* GenresClient.swift */,
				4440A08B2B135C2B00884A89 /* TrendingClient.swift */,
				4440A0922B13693E00884A89 /* DateFormatClient.swift */,
				3085EC8A2B1442FA00DA50AA /* PopularPersonClient.swift */,
			);
			path = client;
			sourceTree = "<group>";
		};
		30660A7A2B0C6214000FD0E2 /* TMDBApi */ = {
			isa = PBXGroup;
			children = (
				30660AA92B0C7DF1000FD0E2 /* model */,
				30660AA02B0C7DA4000FD0E2 /* extensions */,
				30660A9A2B0C7AB8000FD0E2 /* TMDBServiceProtocol.swift */,
				30660AAE2B0C8E67000FD0E2 /* TMDBService.swift */,
				30660AAC2B0C8E51000FD0E2 /* TMDMService+Helpers.swift */,
				30660AB22B0C9021000FD0E2 /* TMDBService+DecodeHelpers.swift */,
				30660A9C2B0C7BB1000FD0E2 /* TMDBServerConfig.swift */,
				30660A9E2B0C7CBA000FD0E2 /* OauthTokenAuthProtocol.swift */,
				30660AA72B0C7DAC000FD0E2 /* Method.swift */,
				30660AB02B0C8F59000FD0E2 /* Route.swift */,
			);
			path = TMDBApi;
			sourceTree = "<group>";
		};
		30660A882B0C6214000FD0E2 /* TMDBApiTests */ = {
			isa = PBXGroup;
			children = (
				30660A892B0C6214000FD0E2 /* TMDBApiTests.swift */,
			);
			path = TMDBApiTests;
			sourceTree = "<group>";
		};
		30660A972B0C621F000FD0E2 /* Frameworks */ = {
			isa = PBXGroup;
			children = (
			);
			name = Frameworks;
			sourceTree = "<group>";
		};
		30660AA02B0C7DA4000FD0E2 /* extensions */ = {
			isa = PBXGroup;
			children = (
				30660AA12B0C7DA4000FD0E2 /* NSURLSession.swift */,
				30660AA22B0C7DA4000FD0E2 /* Encodable+Dictionary.swift */,
				30660AA32B0C7DA4000FD0E2 /* Dictionary.swift */,
			);
			path = extensions;
			sourceTree = "<group>";
		};
		30660AA92B0C7DF1000FD0E2 /* model */ = {
			isa = PBXGroup;
			children = (
				30660ADA2B0C949E000FD0E2 /* Movie.swift */,
				30660AD82B0C9496000FD0E2 /* AccessTokenEnvelope.swift */,
				30660AAA2B0C7E05000FD0E2 /* ErrorEnvelope.swift */,
				3085EC6E2B107D9600DA50AA /* TvShow.swift */,
				4440A0762B12215500884A89 /* Genre.swift */,
				3085EC882B14416300DA50AA /* Person.swift */,
			);
			path = model;
			sourceTree = "<group>";
		};
		30660ABA2B0C946B000FD0E2 /* TMDBLibrary */ = {
			isa = PBXGroup;
			children = (
				30660ADE2B0C95F2000FD0E2 /* Stores */,
				3046035E2B0EF99200D15922 /* client */,
				30660AF52B0CA51E000FD0E2 /* extension */,
				30660AEF2B0CA031000FD0E2 /* Styles */,
				30660ADC2B0C94AB000FD0E2 /* Environment.swift */,
				30660AD62B0C9485000FD0E2 /* AppEnvironment.swift */,
			);
			path = TMDBLibrary;
			sourceTree = "<group>";
		};
		30660AC82B0C946B000FD0E2 /* TMDBLibraryTests */ = {
			isa = PBXGroup;
			children = (
				30660AC92B0C946B000FD0E2 /* TMDBLibraryTests.swift */,
			);
			path = TMDBLibraryTests;
			sourceTree = "<group>";
		};
		30660ADE2B0C95F2000FD0E2 /* Stores */ = {
			isa = PBXGroup;
			children = (
				30660AE72B0C968F000FD0E2 /* RootTabBarFeature.swift */,
				3067940F2B0EEEE4004C7BF9 /* UpcomingMoviesFeature.swift */,
				3085EC6A2B107CB200DA50AA /* TvShowsFeature.swift */,
				4440A0692B12064500884A89 /* NowPlayingFeature.swift */,
				4440A0722B1213B100884A89 /* RecommendMovieFeature.swift */,
				4440A07A2B13173900884A89 /* TopRatedMoviesFeature.swift */,
				4440A08D2B135D7A00884A89 /* TrendingFeature.swift */,
				3085EC722B1422CA00DA50AA /* NavigationHeaderFeature.swift */,
				3085EC742B1426FD00DA50AA /* ScreenMirrorFeature.swift */,
				3085EC8C2B14458000DA50AA /* PopularPeopleFeature.swift */,
			);
			path = Stores;
			sourceTree = "<group>";
		};
		30660ADF2B0C9660000FD0E2 /* Features */ = {
			isa = PBXGroup;
			children = (
				3085EC7F2B143EA500DA50AA /* Actors */,
				4440A0832B13346A00884A89 /* Trending */,
				4440A06E2B120EA800884A89 /* Movies */,
				4440A05A2B11C28000884A89 /* Home */,
				30660AEC2B0C9F9A000FD0E2 /* Root */,
			);
			path = Features;
			sourceTree = "<group>";
		};
		30660AEC2B0C9F9A000FD0E2 /* Root */ = {
			isa = PBXGroup;
			children = (
				3071A9982B0C467A007405B4 /* RootTabBarView.swift */,
			);
			path = Root;
			sourceTree = "<group>";
		};
		30660AEF2B0CA031000FD0E2 /* Styles */ = {
			isa = PBXGroup;
			children = (
				30660AED2B0CA02D000FD0E2 /* RooTabBarStyles.swift */,
				30660AFF2B0EE5E9000FD0E2 /* Appearance.swift */,
				3067940B2B0EE7FA004C7BF9 /* ButtonStyles.swift */,
				4440A0782B13144D00884A89 /* NavigationBarItemStyles.swift */,
			);
			path = Styles;
			sourceTree = "<group>";
		};
		30660AF52B0CA51E000FD0E2 /* extension */ = {
			isa = PBXGroup;
			children = (
				30660AF02B0CA208000FD0E2 /* UIImage+Extension.swift */,
				3067940D2B0EE916004C7BF9 /* Button+Extensions.swift */,
				3085EC702B1081EB00DA50AA /* SharedFunctions.swift */,
			);
			path = extension;
			sourceTree = "<group>";
		};
		30660AF62B0CA685000FD0E2 /* Upcoming */ = {
			isa = PBXGroup;
			children = (
				30660AF72B0CA6CD000FD0E2 /* UpcomingMoviesView.swift */,
			);
			path = Upcoming;
			sourceTree = "<group>";
		};
		30660AFE2B0EDAED000FD0E2 /* SharedViews */ = {
			isa = PBXGroup;
			children = (
				30660AF92B0CAC11000FD0E2 /* PreviewCardView.swift */,
				4440A0622B11D52E00884A89 /* PlayButton.swift */,
				4440A0642B11D54000884A89 /* AddFavoriteButton.swift */,
				3085EC7B2B142D2300DA50AA /* ScreenMirrorView.swift */,
				3085EC7D2B1433F000DA50AA /* ProgressButton.swift */,
			);
			path = SharedViews;
			sourceTree = "<group>";
		};
		3071A98A2B0C467A007405B4 = {
			isa = PBXGroup;
			children = (
				3071A9952B0C467A007405B4 /* CombineTMDBMovie */,
				3071A9A62B0C467B007405B4 /* CombineTMDBMovieTests */,
				3071A9B02B0C467B007405B4 /* CombineTMDBMovieUITests */,
				30660A7A2B0C6214000FD0E2 /* TMDBApi */,
				30660A882B0C6214000FD0E2 /* TMDBApiTests */,
				30660ABA2B0C946B000FD0E2 /* TMDBLibrary */,
				30660AC82B0C946B000FD0E2 /* TMDBLibraryTests */,
				3071A9942B0C467A007405B4 /* Products */,
				30660A972B0C621F000FD0E2 /* Frameworks */,
			);
			sourceTree = "<group>";
		};
		3071A9942B0C467A007405B4 /* Products */ = {
			isa = PBXGroup;
			children = (
				3071A9932B0C467A007405B4 /* CombineTMDBMovie.app */,
				3071A9A32B0C467B007405B4 /* CombineTMDBMovieTests.xctest */,
				3071A9AD2B0C467B007405B4 /* CombineTMDBMovieUITests.xctest */,
				30660A792B0C6214000FD0E2 /* TMDBApi.framework */,
				30660A822B0C6214000FD0E2 /* TMDBApiTests.xctest */,
				30660AB92B0C946B000FD0E2 /* TMDBLibrary.framework */,
				30660AC22B0C946B000FD0E2 /* TMDBLibraryTests.xctest */,
			);
			name = Products;
			sourceTree = "<group>";
		};
		3071A9952B0C467A007405B4 /* CombineTMDBMovie */ = {
			isa = PBXGroup;
			children = (
				4440A06B2B120A9700884A89 /* Extensions */,
				30660AFE2B0EDAED000FD0E2 /* SharedViews */,
				30660ADF2B0C9660000FD0E2 /* Features */,
				3071A9962B0C467A007405B4 /* CombineTMDBMovieApp.swift */,
				3071A99A2B0C467B007405B4 /* Assets.xcassets */,
				3071A99C2B0C467B007405B4 /* Preview Content */,
			);
			path = CombineTMDBMovie;
			sourceTree = "<group>";
		};
		3071A99C2B0C467B007405B4 /* Preview Content */ = {
			isa = PBXGroup;
			children = (
				3071A99D2B0C467B007405B4 /* Preview Assets.xcassets */,
			);
			path = "Preview Content";
			sourceTree = "<group>";
		};
		3071A9A62B0C467B007405B4 /* CombineTMDBMovieTests */ = {
			isa = PBXGroup;
			children = (
				3071A9A72B0C467B007405B4 /* CombineTMDBMovieTests.swift */,
			);
			path = CombineTMDBMovieTests;
			sourceTree = "<group>";
		};
		3071A9B02B0C467B007405B4 /* CombineTMDBMovieUITests */ = {
			isa = PBXGroup;
			children = (
				3071A9B12B0C467B007405B4 /* CombineTMDBMovieUITests.swift */,
				3071A9B32B0C467B007405B4 /* CombineTMDBMovieUITestsLaunchTests.swift */,
			);
			path = CombineTMDBMovieUITests;
			sourceTree = "<group>";
		};
		3085EC7F2B143EA500DA50AA /* Actors */ = {
			isa = PBXGroup;
			children = (
				3085EC8E2B14495B00DA50AA /* Cell */,
				3085EC852B14402F00DA50AA /* List */,
				3085EC822B143F0A00DA50AA /* Header */,
				3085EC802B143EB000DA50AA /* ActorsView.swift */,
			);
			path = Actors;
			sourceTree = "<group>";
		};
		3085EC822B143F0A00DA50AA /* Header */ = {
			isa = PBXGroup;
			children = (
				3085EC832B143F1B00DA50AA /* ActorHeader.swift */,
			);
			path = Header;
			sourceTree = "<group>";
		};
		3085EC852B14402F00DA50AA /* List */ = {
			isa = PBXGroup;
			children = (
				3085EC862B14404000DA50AA /* ActorListView.swift */,
			);
			path = List;
			sourceTree = "<group>";
		};
		3085EC8E2B14495B00DA50AA /* Cell */ = {
			isa = PBXGroup;
			children = (
				3085EC8F2B14496B00DA50AA /* PersonRow.swift */,
			);
			path = Cell;
			sourceTree = "<group>";
		};
		4440A05A2B11C28000884A89 /* Home */ = {
			isa = PBXGroup;
			children = (
				4440A05D2B11CBA900884A89 /* Views */,
				4440A05B2B11C2C900884A89 /* HomeViews.swift */,
			);
			path = Home;
			sourceTree = "<group>";
		};
		4440A05D2B11CBA900884A89 /* Views */ = {
			isa = PBXGroup;
			children = (
				4440A05E2B11CBB500884A89 /* HomeNavigationHeader.swift */,
				4440A07E2B131F2B00884A89 /* HomeSortPagerView.swift */,
			);
			path = Views;
			sourceTree = "<group>";
		};
		4440A0662B12060D00884A89 /* NowPlaying */ = {
			isa = PBXGroup;
			children = (
				4440A0672B12061B00884A89 /* NowPlayingMoviesView.swift */,
			);
			path = NowPlaying;
			sourceTree = "<group>";
		};
		4440A06B2B120A9700884A89 /* Extensions */ = {
			isa = PBXGroup;
			children = (
				4440A06C2B120AAC00884A89 /* HomeSection+Modifier.swift */,
				4440A0802B132AC900884A89 /* Image+Extension.swift */,
			);
			path = Extensions;
			sourceTree = "<group>";
		};
		4440A06E2B120EA800884A89 /* Movies */ = {
			isa = PBXGroup;
			children = (
				4440A0712B1212EA00884A89 /* Tops */,
				4440A0662B12060D00884A89 /* NowPlaying */,
				30660AF62B0CA685000FD0E2 /* Upcoming */,
				4440A06F2B120EC000884A89 /* MoviesView.swift */,
			);
			path = Movies;
			sourceTree = "<group>";
		};
		4440A0712B1212EA00884A89 /* Tops */ = {
			isa = PBXGroup;
			children = (
				4440A0602B11CF3900884A89 /* RecommendMovieView.swift */,
				4440A07C2B13180E00884A89 /* TopRatedMoviesView.swift */,
			);
			path = Tops;
			sourceTree = "<group>";
		};
		4440A0832B13346A00884A89 /* Trending */ = {
			isa = PBXGroup;
			children = (
				4440A08F2B135F8C00884A89 /* TrendingList */,
				4440A0862B13351900884A89 /* Header */,
				4440A0842B13347900884A89 /* TrendingView.swift */,
			);
			path = Trending;
			sourceTree = "<group>";
		};
		4440A0862B13351900884A89 /* Header */ = {
			isa = PBXGroup;
			children = (
				4440A0872B13353800884A89 /* TrendingHeader.swift */,
				4440A0892B13362100884A89 /* TrendingSortPagersView.swift */,
			);
			path = Header;
			sourceTree = "<group>";
		};
		4440A08F2B135F8C00884A89 /* TrendingList */ = {
			isa = PBXGroup;
			children = (
				4440A0902B135FA200884A89 /* TrendingList.swift */,
			);
			path = TrendingList;
			sourceTree = "<group>";
		};
/* End PBXGroup section */

/* Begin PBXHeadersBuildPhase section */
		30660A742B0C6214000FD0E2 /* Headers */ = {
			isa = PBXHeadersBuildPhase;
			buildActionMask = 2147483647;
			files = (
			);
			runOnlyForDeploymentPostprocessing = 0;
		};
		30660AB42B0C946B000FD0E2 /* Headers */ = {
			isa = PBXHeadersBuildPhase;
			buildActionMask = 2147483647;
			files = (
			);
			runOnlyForDeploymentPostprocessing = 0;
		};
/* End PBXHeadersBuildPhase section */

/* Begin PBXNativeTarget section */
		30660A782B0C6214000FD0E2 /* TMDBApi */ = {
			isa = PBXNativeTarget;
			buildConfigurationList = 30660A902B0C6214000FD0E2 /* Build configuration list for PBXNativeTarget "TMDBApi" */;
			buildPhases = (
				30660A742B0C6214000FD0E2 /* Headers */,
				30660A752B0C6214000FD0E2 /* Sources */,
				30660A762B0C6214000FD0E2 /* Frameworks */,
				30660A772B0C6214000FD0E2 /* Resources */,
			);
			buildRules = (
			);
			dependencies = (
			);
			name = TMDBApi;
			packageProductDependencies = (
				30660A982B0C621F000FD0E2 /* ComposableArchitecture */,
				307A66192B0F58250023E980 /* Kingfisher */,
			);
			productName = TMDBApi;
			productReference = 30660A792B0C6214000FD0E2 /* TMDBApi.framework */;
			productType = "com.apple.product-type.framework";
		};
		30660A812B0C6214000FD0E2 /* TMDBApiTests */ = {
			isa = PBXNativeTarget;
			buildConfigurationList = 30660A942B0C6214000FD0E2 /* Build configuration list for PBXNativeTarget "TMDBApiTests" */;
			buildPhases = (
				30660A7E2B0C6214000FD0E2 /* Sources */,
				30660A7F2B0C6214000FD0E2 /* Frameworks */,
				30660A802B0C6214000FD0E2 /* Resources */,
			);
			buildRules = (
			);
			dependencies = (
				30660A852B0C6214000FD0E2 /* PBXTargetDependency */,
				30660A872B0C6214000FD0E2 /* PBXTargetDependency */,
			);
			name = TMDBApiTests;
			productName = TMDBApiTests;
			productReference = 30660A822B0C6214000FD0E2 /* TMDBApiTests.xctest */;
			productType = "com.apple.product-type.bundle.unit-test";
		};
		30660AB82B0C946B000FD0E2 /* TMDBLibrary */ = {
			isa = PBXNativeTarget;
			buildConfigurationList = 30660AD02B0C946B000FD0E2 /* Build configuration list for PBXNativeTarget "TMDBLibrary" */;
			buildPhases = (
				30660AB42B0C946B000FD0E2 /* Headers */,
				30660AB52B0C946B000FD0E2 /* Sources */,
				30660AB62B0C946B000FD0E2 /* Frameworks */,
				30660AB72B0C946B000FD0E2 /* Resources */,
				30660AE42B0C966F000FD0E2 /* Embed Frameworks */,
			);
			buildRules = (
			);
			dependencies = (
				30660AE32B0C966F000FD0E2 /* PBXTargetDependency */,
			);
			name = TMDBLibrary;
			packageProductDependencies = (
				30660AE52B0C9678000FD0E2 /* ComposableArchitecture */,
				307A66172B0F581C0023E980 /* Kingfisher */,
				307A66202B0F588B0023E980 /* Dependencies */,
				307A66222B0F588B0023E980 /* DependenciesMacros */,
				3085EC772B14288900DA50AA /* CasePaths */,
			);
			productName = TMDBLibrary;
			productReference = 30660AB92B0C946B000FD0E2 /* TMDBLibrary.framework */;
			productType = "com.apple.product-type.framework";
		};
		30660AC12B0C946B000FD0E2 /* TMDBLibraryTests */ = {
			isa = PBXNativeTarget;
			buildConfigurationList = 30660AD32B0C946B000FD0E2 /* Build configuration list for PBXNativeTarget "TMDBLibraryTests" */;
			buildPhases = (
				30660ABE2B0C946B000FD0E2 /* Sources */,
				30660ABF2B0C946B000FD0E2 /* Frameworks */,
				30660AC02B0C946B000FD0E2 /* Resources */,
			);
			buildRules = (
			);
			dependencies = (
				30660AC52B0C946B000FD0E2 /* PBXTargetDependency */,
				30660AC72B0C946B000FD0E2 /* PBXTargetDependency */,
			);
			name = TMDBLibraryTests;
			productName = TMDBLibraryTests;
			productReference = 30660AC22B0C946B000FD0E2 /* TMDBLibraryTests.xctest */;
			productType = "com.apple.product-type.bundle.unit-test";
		};
		3071A9922B0C467A007405B4 /* CombineTMDBMovie */ = {
			isa = PBXNativeTarget;
			buildConfigurationList = 3071A9B72B0C467B007405B4 /* Build configuration list for PBXNativeTarget "CombineTMDBMovie" */;
			buildPhases = (
				3071A98F2B0C467A007405B4 /* Sources */,
				3071A9902B0C467A007405B4 /* Frameworks */,
				3071A9912B0C467A007405B4 /* Resources */,
				30660A932B0C6214000FD0E2 /* Embed Frameworks */,
			);
			buildRules = (
			);
			dependencies = (
				30660A8D2B0C6214000FD0E2 /* PBXTargetDependency */,
				30660ACD2B0C946B000FD0E2 /* PBXTargetDependency */,
			);
			name = CombineTMDBMovie;
			packageProductDependencies = (
				30660AFC2B0CAC63000FD0E2 /* Kingfisher */,
				307A66152B0F54090023E980 /* ComposableArchitecture */,
				307A661C2B0F58700023E980 /* Dependencies */,
				307A661E2B0F58700023E980 /* DependenciesMacros */,
				3085EC792B14289800DA50AA /* CasePaths */,
			);
			productName = CombineTMDBMovie;
			productReference = 3071A9932B0C467A007405B4 /* CombineTMDBMovie.app */;
			productType = "com.apple.product-type.application";
		};
		3071A9A22B0C467B007405B4 /* CombineTMDBMovieTests */ = {
			isa = PBXNativeTarget;
			buildConfigurationList = 3071A9BA2B0C467B007405B4 /* Build configuration list for PBXNativeTarget "CombineTMDBMovieTests" */;
			buildPhases = (
				3071A99F2B0C467B007405B4 /* Sources */,
				3071A9A02B0C467B007405B4 /* Frameworks */,
				3071A9A12B0C467B007405B4 /* Resources */,
			);
			buildRules = (
			);
			dependencies = (
				3071A9A52B0C467B007405B4 /* PBXTargetDependency */,
			);
			name = CombineTMDBMovieTests;
			productName = CombineTMDBMovieTests;
			productReference = 3071A9A32B0C467B007405B4 /* CombineTMDBMovieTests.xctest */;
			productType = "com.apple.product-type.bundle.unit-test";
		};
		3071A9AC2B0C467B007405B4 /* CombineTMDBMovieUITests */ = {
			isa = PBXNativeTarget;
			buildConfigurationList = 3071A9BD2B0C467B007405B4 /* Build configuration list for PBXNativeTarget "CombineTMDBMovieUITests" */;
			buildPhases = (
				3071A9A92B0C467B007405B4 /* Sources */,
				3071A9AA2B0C467B007405B4 /* Frameworks */,
				3071A9AB2B0C467B007405B4 /* Resources */,
			);
			buildRules = (
			);
			dependencies = (
				3071A9AF2B0C467B007405B4 /* PBXTargetDependency */,
			);
			name = CombineTMDBMovieUITests;
			productName = CombineTMDBMovieUITests;
			productReference = 3071A9AD2B0C467B007405B4 /* CombineTMDBMovieUITests.xctest */;
			productType = "com.apple.product-type.bundle.ui-testing";
		};
/* End PBXNativeTarget section */

/* Begin PBXProject section */
		3071A98B2B0C467A007405B4 /* Project object */ = {
			isa = PBXProject;
			attributes = {
				BuildIndependentTargetsInParallel = 1;
				LastSwiftUpdateCheck = 1500;
				LastUpgradeCheck = 1500;
				TargetAttributes = {
					30660A782B0C6214000FD0E2 = {
						CreatedOnToolsVersion = 15.0;
						LastSwiftMigration = 1500;
					};
					30660A812B0C6214000FD0E2 = {
						CreatedOnToolsVersion = 15.0;
						TestTargetID = 3071A9922B0C467A007405B4;
					};
					30660AB82B0C946B000FD0E2 = {
						CreatedOnToolsVersion = 15.0;
						LastSwiftMigration = 1500;
					};
					30660AC12B0C946B000FD0E2 = {
						CreatedOnToolsVersion = 15.0;
						TestTargetID = 3071A9922B0C467A007405B4;
					};
					3071A9922B0C467A007405B4 = {
						CreatedOnToolsVersion = 15.0;
					};
					3071A9A22B0C467B007405B4 = {
						CreatedOnToolsVersion = 15.0;
						TestTargetID = 3071A9922B0C467A007405B4;
					};
					3071A9AC2B0C467B007405B4 = {
						CreatedOnToolsVersion = 15.0;
						TestTargetID = 3071A9922B0C467A007405B4;
					};
				};
			};
			buildConfigurationList = 3071A98E2B0C467A007405B4 /* Build configuration list for PBXProject "CombineTMDBMovie" */;
			compatibilityVersion = "Xcode 14.0";
			developmentRegion = en;
			hasScannedForEncodings = 0;
			knownRegions = (
				en,
				Base,
			);
			mainGroup = 3071A98A2B0C467A007405B4;
			packageReferences = (
				30660A712B0C615F000FD0E2 /* XCRemoteSwiftPackageReference "swift-composable-architecture" */,
				30660AFB2B0CAC57000FD0E2 /* XCRemoteSwiftPackageReference "Kingfisher" */,
				307A661B2B0F58700023E980 /* XCRemoteSwiftPackageReference "swift-dependencies" */,
				3085EC762B14288900DA50AA /* XCRemoteSwiftPackageReference "swift-case-paths" */,
			);
			productRefGroup = 3071A9942B0C467A007405B4 /* Products */;
			projectDirPath = "";
			projectRoot = "";
			targets = (
				3071A9922B0C467A007405B4 /* CombineTMDBMovie */,
				3071A9A22B0C467B007405B4 /* CombineTMDBMovieTests */,
				3071A9AC2B0C467B007405B4 /* CombineTMDBMovieUITests */,
				30660A782B0C6214000FD0E2 /* TMDBApi */,
				30660A812B0C6214000FD0E2 /* TMDBApiTests */,
				30660AB82B0C946B000FD0E2 /* TMDBLibrary */,
				30660AC12B0C946B000FD0E2 /* TMDBLibraryTests */,
			);
		};
/* End PBXProject section */

/* Begin PBXResourcesBuildPhase section */
		30660A772B0C6214000FD0E2 /* Resources */ = {
			isa = PBXResourcesBuildPhase;
			buildActionMask = 2147483647;
			files = (
			);
			runOnlyForDeploymentPostprocessing = 0;
		};
		30660A802B0C6214000FD0E2 /* Resources */ = {
			isa = PBXResourcesBuildPhase;
			buildActionMask = 2147483647;
			files = (
			);
			runOnlyForDeploymentPostprocessing = 0;
		};
		30660AB72B0C946B000FD0E2 /* Resources */ = {
			isa = PBXResourcesBuildPhase;
			buildActionMask = 2147483647;
			files = (
			);
			runOnlyForDeploymentPostprocessing = 0;
		};
		30660AC02B0C946B000FD0E2 /* Resources */ = {
			isa = PBXResourcesBuildPhase;
			buildActionMask = 2147483647;
			files = (
			);
			runOnlyForDeploymentPostprocessing = 0;
		};
		3071A9912B0C467A007405B4 /* Resources */ = {
			isa = PBXResourcesBuildPhase;
			buildActionMask = 2147483647;
			files = (
				3071A99E2B0C467B007405B4 /* Preview Assets.xcassets in Resources */,
				3071A99B2B0C467B007405B4 /* Assets.xcassets in Resources */,
			);
			runOnlyForDeploymentPostprocessing = 0;
		};
		3071A9A12B0C467B007405B4 /* Resources */ = {
			isa = PBXResourcesBuildPhase;
			buildActionMask = 2147483647;
			files = (
			);
			runOnlyForDeploymentPostprocessing = 0;
		};
		3071A9AB2B0C467B007405B4 /* Resources */ = {
			isa = PBXResourcesBuildPhase;
			buildActionMask = 2147483647;
			files = (
			);
			runOnlyForDeploymentPostprocessing = 0;
		};
/* End PBXResourcesBuildPhase section */

/* Begin PBXSourcesBuildPhase section */
		30660A752B0C6214000FD0E2 /* Sources */ = {
			isa = PBXSourcesBuildPhase;
			buildActionMask = 2147483647;
			files = (
				30660ADB2B0C949E000FD0E2 /* Movie.swift in Sources */,
				30660AAF2B0C8E67000FD0E2 /* TMDBService.swift in Sources */,
				30660A9B2B0C7AB8000FD0E2 /* TMDBServiceProtocol.swift in Sources */,
				30660AB12B0C8F59000FD0E2 /* Route.swift in Sources */,
				30660AAD2B0C8E51000FD0E2 /* TMDMService+Helpers.swift in Sources */,
				30660AA42B0C7DA4000FD0E2 /* NSURLSession.swift in Sources */,
				30660A9D2B0C7BB1000FD0E2 /* TMDBServerConfig.swift in Sources */,
				4440A0772B12215500884A89 /* Genre.swift in Sources */,
				30660AA52B0C7DA4000FD0E2 /* Encodable+Dictionary.swift in Sources */,
				30660A9F2B0C7CBA000FD0E2 /* OauthTokenAuthProtocol.swift in Sources */,
				30660AB32B0C9021000FD0E2 /* TMDBService+DecodeHelpers.swift in Sources */,
				30660AD92B0C9496000FD0E2 /* AccessTokenEnvelope.swift in Sources */,
				30660AA82B0C7DAC000FD0E2 /* Method.swift in Sources */,
				3085EC6F2B107D9600DA50AA /* TvShow.swift in Sources */,
				3085EC892B14416300DA50AA /* Person.swift in Sources */,
				30660AAB2B0C7E05000FD0E2 /* ErrorEnvelope.swift in Sources */,
				30660AA62B0C7DA4000FD0E2 /* Dictionary.swift in Sources */,
			);
			runOnlyForDeploymentPostprocessing = 0;
		};
		30660A7E2B0C6214000FD0E2 /* Sources */ = {
			isa = PBXSourcesBuildPhase;
			buildActionMask = 2147483647;
			files = (
				30660A8A2B0C6214000FD0E2 /* TMDBApiTests.swift in Sources */,
			);
			runOnlyForDeploymentPostprocessing = 0;
		};
		30660AB52B0C946B000FD0E2 /* Sources */ = {
			isa = PBXSourcesBuildPhase;
			buildActionMask = 2147483647;
			files = (
				4440A06A2B12064500884A89 /* NowPlayingFeature.swift in Sources */,
				4440A0752B12210800884A89 /* GenresClient.swift in Sources */,
				3067940E2B0EE916004C7BF9 /* Button+Extensions.swift in Sources */,
				3085EC752B1426FD00DA50AA /* ScreenMirrorFeature.swift in Sources */,
				30660B002B0EE5E9000FD0E2 /* Appearance.swift in Sources */,
				3085EC732B1422CA00DA50AA /* NavigationHeaderFeature.swift in Sources */,
				4440A0732B1213B100884A89 /* RecommendMovieFeature.swift in Sources */,
				4440A08E2B135D7A00884A89 /* TrendingFeature.swift in Sources */,
				4440A07B2B13173900884A89 /* TopRatedMoviesFeature.swift in Sources */,
				30660AEE2B0CA02D000FD0E2 /* RooTabBarStyles.swift in Sources */,
				3085EC8B2B1442FA00DA50AA /* PopularPersonClient.swift in Sources */,
				3085EC642B103A7300DA50AA /* ConfigurationClient.swift in Sources */,
				3085EC6D2B107D3300DA50AA /* TVsClient.swift in Sources */,
				4440A08C2B135C2B00884A89 /* TrendingClient.swift in Sources */,
				3085EC6B2B107CB200DA50AA /* TvShowsFeature.swift in Sources */,
				30660AD72B0C9485000FD0E2 /* AppEnvironment.swift in Sources */,
				3067940C2B0EE7FA004C7BF9 /* ButtonStyles.swift in Sources */,
				3085EC662B103C9A00DA50AA /* UpcomingMoviesFeature.swift in Sources */,
				3085EC652B103C9600DA50AA /* RootTabBarFeature.swift in Sources */,
				3085EC8D2B14458000DA50AA /* PopularPeopleFeature.swift in Sources */,
				3085EC712B1081EB00DA50AA /* SharedFunctions.swift in Sources */,
				30660AF12B0CA208000FD0E2 /* UIImage+Extension.swift in Sources */,
				30660ADD2B0C94AB000FD0E2 /* Environment.swift in Sources */,
				4440A0792B13144D00884A89 /* NavigationBarItemStyles.swift in Sources */,
				307A66242B0F58930023E980 /* MoviesClient.swift in Sources */,
				4440A0932B13693E00884A89 /* DateFormatClient.swift in Sources */,
			);
			runOnlyForDeploymentPostprocessing = 0;
		};
		30660ABE2B0C946B000FD0E2 /* Sources */ = {
			isa = PBXSourcesBuildPhase;
			buildActionMask = 2147483647;
			files = (
				30660ACA2B0C946B000FD0E2 /* TMDBLibraryTests.swift in Sources */,
			);
			runOnlyForDeploymentPostprocessing = 0;
		};
		3071A98F2B0C467A007405B4 /* Sources */ = {
			isa = PBXSourcesBuildPhase;
			buildActionMask = 2147483647;
			files = (
				30660AF82B0CA6CD000FD0E2 /* UpcomingMoviesView.swift in Sources */,
				4440A0912B135FA200884A89 /* TrendingList.swift in Sources */,
				4440A07F2B131F2B00884A89 /* HomeSortPagerView.swift in Sources */,
				4440A0702B120EC000884A89 /* MoviesView.swift in Sources */,
				4440A0852B13347900884A89 /* TrendingView.swift in Sources */,
				4440A0652B11D54000884A89 /* AddFavoriteButton.swift in Sources */,
				3085EC842B143F1B00DA50AA /* ActorHeader.swift in Sources */,
				30660AFA2B0CAC11000FD0E2 /* PreviewCardView.swift in Sources */,
				4440A0812B132AC900884A89 /* Image+Extension.swift in Sources */,
				4440A0632B11D52E00884A89 /* PlayButton.swift in Sources */,
				4440A0682B12061B00884A89 /* NowPlayingMoviesView.swift in Sources */,
				3071A9992B0C467A007405B4 /* RootTabBarView.swift in Sources */,
				3085EC7C2B142D2300DA50AA /* ScreenMirrorView.swift in Sources */,
				3071A9972B0C467A007405B4 /* CombineTMDBMovieApp.swift in Sources */,
				3085EC872B14404000DA50AA /* ActorListView.swift in Sources */,
				4440A08A2B13362100884A89 /* TrendingSortPagersView.swift in Sources */,
				4440A05F2B11CBB500884A89 /* HomeNavigationHeader.swift in Sources */,
				4440A0612B11CF3900884A89 /* RecommendMovieView.swift in Sources */,
				4440A07D2B13180E00884A89 /* TopRatedMoviesView.swift in Sources */,
				3085EC7E2B1433F000DA50AA /* ProgressButton.swift in Sources */,
				4440A06D2B120AAC00884A89 /* HomeSection+Modifier.swift in Sources */,
				4440A05C2B11C2C900884A89 /* HomeViews.swift in Sources */,
				3085EC812B143EB000DA50AA /* ActorsView.swift in Sources */,
				4440A0882B13353800884A89 /* TrendingHeader.swift in Sources */,
				3085EC902B14496B00DA50AA /* PersonRow.swift in Sources */,
			);
			runOnlyForDeploymentPostprocessing = 0;
		};
		3071A99F2B0C467B007405B4 /* Sources */ = {
			isa = PBXSourcesBuildPhase;
			buildActionMask = 2147483647;
			files = (
				3071A9A82B0C467B007405B4 /* CombineTMDBMovieTests.swift in Sources */,
			);
			runOnlyForDeploymentPostprocessing = 0;
		};
		3071A9A92B0C467B007405B4 /* Sources */ = {
			isa = PBXSourcesBuildPhase;
			buildActionMask = 2147483647;
			files = (
				3071A9B42B0C467B007405B4 /* CombineTMDBMovieUITestsLaunchTests.swift in Sources */,
				3071A9B22B0C467B007405B4 /* CombineTMDBMovieUITests.swift in Sources */,
			);
			runOnlyForDeploymentPostprocessing = 0;
		};
/* End PBXSourcesBuildPhase section */

/* Begin PBXTargetDependency section */
		30660A852B0C6214000FD0E2 /* PBXTargetDependency */ = {
			isa = PBXTargetDependency;
			target = 30660A782B0C6214000FD0E2 /* TMDBApi */;
			targetProxy = 30660A842B0C6214000FD0E2 /* PBXContainerItemProxy */;
		};
		30660A872B0C6214000FD0E2 /* PBXTargetDependency */ = {
			isa = PBXTargetDependency;
			target = 3071A9922B0C467A007405B4 /* CombineTMDBMovie */;
			targetProxy = 30660A862B0C6214000FD0E2 /* PBXContainerItemProxy */;
		};
		30660A8D2B0C6214000FD0E2 /* PBXTargetDependency */ = {
			isa = PBXTargetDependency;
			target = 30660A782B0C6214000FD0E2 /* TMDBApi */;
			targetProxy = 30660A8C2B0C6214000FD0E2 /* PBXContainerItemProxy */;
		};
		30660AC52B0C946B000FD0E2 /* PBXTargetDependency */ = {
			isa = PBXTargetDependency;
			target = 30660AB82B0C946B000FD0E2 /* TMDBLibrary */;
			targetProxy = 30660AC42B0C946B000FD0E2 /* PBXContainerItemProxy */;
		};
		30660AC72B0C946B000FD0E2 /* PBXTargetDependency */ = {
			isa = PBXTargetDependency;
			target = 3071A9922B0C467A007405B4 /* CombineTMDBMovie */;
			targetProxy = 30660AC62B0C946B000FD0E2 /* PBXContainerItemProxy */;
		};
		30660ACD2B0C946B000FD0E2 /* PBXTargetDependency */ = {
			isa = PBXTargetDependency;
			target = 30660AB82B0C946B000FD0E2 /* TMDBLibrary */;
			targetProxy = 30660ACC2B0C946B000FD0E2 /* PBXContainerItemProxy */;
		};
		30660AE32B0C966F000FD0E2 /* PBXTargetDependency */ = {
			isa = PBXTargetDependency;
			target = 30660A782B0C6214000FD0E2 /* TMDBApi */;
			targetProxy = 30660AE22B0C966F000FD0E2 /* PBXContainerItemProxy */;
		};
		3071A9A52B0C467B007405B4 /* PBXTargetDependency */ = {
			isa = PBXTargetDependency;
			target = 3071A9922B0C467A007405B4 /* CombineTMDBMovie */;
			targetProxy = 3071A9A42B0C467B007405B4 /* PBXContainerItemProxy */;
		};
		3071A9AF2B0C467B007405B4 /* PBXTargetDependency */ = {
			isa = PBXTargetDependency;
			target = 3071A9922B0C467A007405B4 /* CombineTMDBMovie */;
			targetProxy = 3071A9AE2B0C467B007405B4 /* PBXContainerItemProxy */;
		};
/* End PBXTargetDependency section */

/* Begin XCBuildConfiguration section */
		30660A912B0C6214000FD0E2 /* Debug */ = {
			isa = XCBuildConfiguration;
			buildSettings = {
				CLANG_ENABLE_MODULES = YES;
				CODE_SIGN_IDENTITY = "Apple Development";
				CODE_SIGN_STYLE = Automatic;
				CURRENT_PROJECT_VERSION = 1;
				DEFINES_MODULE = YES;
				DEVELOPMENT_TEAM = 6GH2ZWT255;
				DYLIB_COMPATIBILITY_VERSION = 1;
				DYLIB_CURRENT_VERSION = 1;
				DYLIB_INSTALL_NAME_BASE = "@rpath";
				ENABLE_MODULE_VERIFIER = YES;
				GENERATE_INFOPLIST_FILE = YES;
				INFOPLIST_KEY_NSHumanReadableCopyright = "";
				INSTALL_PATH = "$(LOCAL_LIBRARY_DIR)/Frameworks";
				LD_RUNPATH_SEARCH_PATHS = (
					"$(inherited)",
					"@executable_path/Frameworks",
					"@loader_path/Frameworks",
				);
				MARKETING_VERSION = 1.0;
				MODULE_VERIFIER_SUPPORTED_LANGUAGES = "objective-c objective-c++";
				MODULE_VERIFIER_SUPPORTED_LANGUAGE_STANDARDS = "gnu17 gnu++20";
				PRODUCT_BUNDLE_IDENTIFIER = bingbing.TMDBApi;
				PRODUCT_NAME = "$(TARGET_NAME:c99extidentifier)";
				SKIP_INSTALL = YES;
				SWIFT_EMIT_LOC_STRINGS = YES;
				SWIFT_OPTIMIZATION_LEVEL = "-Onone";
				SWIFT_VERSION = 5.0;
				TARGETED_DEVICE_FAMILY = "1,2";
				VERSIONING_SYSTEM = "apple-generic";
				VERSION_INFO_PREFIX = "";
			};
			name = Debug;
		};
		30660A922B0C6214000FD0E2 /* Release */ = {
			isa = XCBuildConfiguration;
			buildSettings = {
				CLANG_ENABLE_MODULES = YES;
				CODE_SIGN_IDENTITY = "Apple Development";
				CODE_SIGN_STYLE = Automatic;
				CURRENT_PROJECT_VERSION = 1;
				DEFINES_MODULE = YES;
				DEVELOPMENT_TEAM = 6GH2ZWT255;
				DYLIB_COMPATIBILITY_VERSION = 1;
				DYLIB_CURRENT_VERSION = 1;
				DYLIB_INSTALL_NAME_BASE = "@rpath";
				ENABLE_MODULE_VERIFIER = YES;
				GENERATE_INFOPLIST_FILE = YES;
				INFOPLIST_KEY_NSHumanReadableCopyright = "";
				INSTALL_PATH = "$(LOCAL_LIBRARY_DIR)/Frameworks";
				LD_RUNPATH_SEARCH_PATHS = (
					"$(inherited)",
					"@executable_path/Frameworks",
					"@loader_path/Frameworks",
				);
				MARKETING_VERSION = 1.0;
				MODULE_VERIFIER_SUPPORTED_LANGUAGES = "objective-c objective-c++";
				MODULE_VERIFIER_SUPPORTED_LANGUAGE_STANDARDS = "gnu17 gnu++20";
				PRODUCT_BUNDLE_IDENTIFIER = bingbing.TMDBApi;
				PRODUCT_NAME = "$(TARGET_NAME:c99extidentifier)";
				SKIP_INSTALL = YES;
				SWIFT_EMIT_LOC_STRINGS = YES;
				SWIFT_VERSION = 5.0;
				TARGETED_DEVICE_FAMILY = "1,2";
				VERSIONING_SYSTEM = "apple-generic";
				VERSION_INFO_PREFIX = "";
			};
			name = Release;
		};
		30660A952B0C6214000FD0E2 /* Debug */ = {
			isa = XCBuildConfiguration;
			buildSettings = {
				ALWAYS_EMBED_SWIFT_STANDARD_LIBRARIES = YES;
				CODE_SIGN_STYLE = Automatic;
				CURRENT_PROJECT_VERSION = 1;
				GENERATE_INFOPLIST_FILE = YES;
				MARKETING_VERSION = 1.0;
				PRODUCT_BUNDLE_IDENTIFIER = bingbing.TMDBApiTests;
				PRODUCT_NAME = "$(TARGET_NAME)";
				SWIFT_EMIT_LOC_STRINGS = NO;
				SWIFT_VERSION = 5.0;
				TARGETED_DEVICE_FAMILY = "1,2";
				TEST_HOST = "$(BUILT_PRODUCTS_DIR)/CombineTMDBMovie.app/$(BUNDLE_EXECUTABLE_FOLDER_PATH)/CombineTMDBMovie";
			};
			name = Debug;
		};
		30660A962B0C6214000FD0E2 /* Release */ = {
			isa = XCBuildConfiguration;
			buildSettings = {
				ALWAYS_EMBED_SWIFT_STANDARD_LIBRARIES = YES;
				CODE_SIGN_STYLE = Automatic;
				CURRENT_PROJECT_VERSION = 1;
				GENERATE_INFOPLIST_FILE = YES;
				MARKETING_VERSION = 1.0;
				PRODUCT_BUNDLE_IDENTIFIER = bingbing.TMDBApiTests;
				PRODUCT_NAME = "$(TARGET_NAME)";
				SWIFT_EMIT_LOC_STRINGS = NO;
				SWIFT_VERSION = 5.0;
				TARGETED_DEVICE_FAMILY = "1,2";
				TEST_HOST = "$(BUILT_PRODUCTS_DIR)/CombineTMDBMovie.app/$(BUNDLE_EXECUTABLE_FOLDER_PATH)/CombineTMDBMovie";
			};
			name = Release;
		};
		30660AD12B0C946B000FD0E2 /* Debug */ = {
			isa = XCBuildConfiguration;
			buildSettings = {
				CLANG_ENABLE_MODULES = YES;
				CODE_SIGN_IDENTITY = "Apple Development";
				CODE_SIGN_STYLE = Automatic;
				CURRENT_PROJECT_VERSION = 1;
				DEFINES_MODULE = YES;
				DEVELOPMENT_TEAM = 6GH2ZWT255;
				DYLIB_COMPATIBILITY_VERSION = 1;
				DYLIB_CURRENT_VERSION = 1;
				DYLIB_INSTALL_NAME_BASE = "@rpath";
				ENABLE_MODULE_VERIFIER = YES;
				GENERATE_INFOPLIST_FILE = YES;
				INFOPLIST_KEY_NSHumanReadableCopyright = "";
				INSTALL_PATH = "$(LOCAL_LIBRARY_DIR)/Frameworks";
				LD_RUNPATH_SEARCH_PATHS = (
					"$(inherited)",
					"@executable_path/Frameworks",
					"@loader_path/Frameworks",
				);
				MARKETING_VERSION = 1.0;
				MODULE_VERIFIER_SUPPORTED_LANGUAGES = "objective-c objective-c++";
				MODULE_VERIFIER_SUPPORTED_LANGUAGE_STANDARDS = "gnu17 gnu++20";
				PRODUCT_BUNDLE_IDENTIFIER = bingbing.TMDBLibrary;
				PRODUCT_NAME = "$(TARGET_NAME:c99extidentifier)";
				SKIP_INSTALL = YES;
				SWIFT_EMIT_LOC_STRINGS = YES;
				SWIFT_OPTIMIZATION_LEVEL = "-Onone";
				SWIFT_VERSION = 5.0;
				TARGETED_DEVICE_FAMILY = "1,2";
				VERSIONING_SYSTEM = "apple-generic";
				VERSION_INFO_PREFIX = "";
			};
			name = Debug;
		};
		30660AD22B0C946B000FD0E2 /* Release */ = {
			isa = XCBuildConfiguration;
			buildSettings = {
				CLANG_ENABLE_MODULES = YES;
				CODE_SIGN_IDENTITY = "Apple Development";
				CODE_SIGN_STYLE = Automatic;
				CURRENT_PROJECT_VERSION = 1;
				DEFINES_MODULE = YES;
				DEVELOPMENT_TEAM = 6GH2ZWT255;
				DYLIB_COMPATIBILITY_VERSION = 1;
				DYLIB_CURRENT_VERSION = 1;
				DYLIB_INSTALL_NAME_BASE = "@rpath";
				ENABLE_MODULE_VERIFIER = YES;
				GENERATE_INFOPLIST_FILE = YES;
				INFOPLIST_KEY_NSHumanReadableCopyright = "";
				INSTALL_PATH = "$(LOCAL_LIBRARY_DIR)/Frameworks";
				LD_RUNPATH_SEARCH_PATHS = (
					"$(inherited)",
					"@executable_path/Frameworks",
					"@loader_path/Frameworks",
				);
				MARKETING_VERSION = 1.0;
				MODULE_VERIFIER_SUPPORTED_LANGUAGES = "objective-c objective-c++";
				MODULE_VERIFIER_SUPPORTED_LANGUAGE_STANDARDS = "gnu17 gnu++20";
				PRODUCT_BUNDLE_IDENTIFIER = bingbing.TMDBLibrary;
				PRODUCT_NAME = "$(TARGET_NAME:c99extidentifier)";
				SKIP_INSTALL = YES;
				SWIFT_EMIT_LOC_STRINGS = YES;
				SWIFT_VERSION = 5.0;
				TARGETED_DEVICE_FAMILY = "1,2";
				VERSIONING_SYSTEM = "apple-generic";
				VERSION_INFO_PREFIX = "";
			};
			name = Release;
		};
		30660AD42B0C946B000FD0E2 /* Debug */ = {
			isa = XCBuildConfiguration;
			buildSettings = {
				ALWAYS_EMBED_SWIFT_STANDARD_LIBRARIES = YES;
				CODE_SIGN_STYLE = Automatic;
				CURRENT_PROJECT_VERSION = 1;
				GENERATE_INFOPLIST_FILE = YES;
				MARKETING_VERSION = 1.0;
				PRODUCT_BUNDLE_IDENTIFIER = bingbing.TMDBLibraryTests;
				PRODUCT_NAME = "$(TARGET_NAME)";
				SWIFT_EMIT_LOC_STRINGS = NO;
				SWIFT_VERSION = 5.0;
				TARGETED_DEVICE_FAMILY = "1,2";
				TEST_HOST = "$(BUILT_PRODUCTS_DIR)/CombineTMDBMovie.app/$(BUNDLE_EXECUTABLE_FOLDER_PATH)/CombineTMDBMovie";
			};
			name = Debug;
		};
		30660AD52B0C946B000FD0E2 /* Release */ = {
			isa = XCBuildConfiguration;
			buildSettings = {
				ALWAYS_EMBED_SWIFT_STANDARD_LIBRARIES = YES;
				CODE_SIGN_STYLE = Automatic;
				CURRENT_PROJECT_VERSION = 1;
				GENERATE_INFOPLIST_FILE = YES;
				MARKETING_VERSION = 1.0;
				PRODUCT_BUNDLE_IDENTIFIER = bingbing.TMDBLibraryTests;
				PRODUCT_NAME = "$(TARGET_NAME)";
				SWIFT_EMIT_LOC_STRINGS = NO;
				SWIFT_VERSION = 5.0;
				TARGETED_DEVICE_FAMILY = "1,2";
				TEST_HOST = "$(BUILT_PRODUCTS_DIR)/CombineTMDBMovie.app/$(BUNDLE_EXECUTABLE_FOLDER_PATH)/CombineTMDBMovie";
			};
			name = Release;
		};
		3071A9B52B0C467B007405B4 /* Debug */ = {
			isa = XCBuildConfiguration;
			buildSettings = {
				ALWAYS_SEARCH_USER_PATHS = NO;
				ASSETCATALOG_COMPILER_GENERATE_SWIFT_ASSET_SYMBOL_EXTENSIONS = YES;
				CLANG_ANALYZER_NONNULL = YES;
				CLANG_ANALYZER_NUMBER_OBJECT_CONVERSION = YES_AGGRESSIVE;
				CLANG_CXX_LANGUAGE_STANDARD = "gnu++20";
				CLANG_ENABLE_MODULES = YES;
				CLANG_ENABLE_OBJC_ARC = YES;
				CLANG_ENABLE_OBJC_WEAK = YES;
				CLANG_WARN_BLOCK_CAPTURE_AUTORELEASING = YES;
				CLANG_WARN_BOOL_CONVERSION = YES;
				CLANG_WARN_COMMA = YES;
				CLANG_WARN_CONSTANT_CONVERSION = YES;
				CLANG_WARN_DEPRECATED_OBJC_IMPLEMENTATIONS = YES;
				CLANG_WARN_DIRECT_OBJC_ISA_USAGE = YES_ERROR;
				CLANG_WARN_DOCUMENTATION_COMMENTS = YES;
				CLANG_WARN_EMPTY_BODY = YES;
				CLANG_WARN_ENUM_CONVERSION = YES;
				CLANG_WARN_INFINITE_RECURSION = YES;
				CLANG_WARN_INT_CONVERSION = YES;
				CLANG_WARN_NON_LITERAL_NULL_CONVERSION = YES;
				CLANG_WARN_OBJC_IMPLICIT_RETAIN_SELF = YES;
				CLANG_WARN_OBJC_LITERAL_CONVERSION = YES;
				CLANG_WARN_OBJC_ROOT_CLASS = YES_ERROR;
				CLANG_WARN_QUOTED_INCLUDE_IN_FRAMEWORK_HEADER = YES;
				CLANG_WARN_RANGE_LOOP_ANALYSIS = YES;
				CLANG_WARN_STRICT_PROTOTYPES = YES;
				CLANG_WARN_SUSPICIOUS_MOVE = YES;
				CLANG_WARN_UNGUARDED_AVAILABILITY = YES_AGGRESSIVE;
				CLANG_WARN_UNREACHABLE_CODE = YES;
				CLANG_WARN__DUPLICATE_METHOD_MATCH = YES;
				COPY_PHASE_STRIP = NO;
				DEBUG_INFORMATION_FORMAT = dwarf;
				ENABLE_STRICT_OBJC_MSGSEND = YES;
				ENABLE_TESTABILITY = YES;
				ENABLE_USER_SCRIPT_SANDBOXING = YES;
				GCC_C_LANGUAGE_STANDARD = gnu17;
				GCC_DYNAMIC_NO_PIC = NO;
				GCC_NO_COMMON_BLOCKS = YES;
				GCC_OPTIMIZATION_LEVEL = 0;
				GCC_PREPROCESSOR_DEFINITIONS = (
					"DEBUG=1",
					"$(inherited)",
				);
				GCC_WARN_64_TO_32_BIT_CONVERSION = YES;
				GCC_WARN_ABOUT_RETURN_TYPE = YES_ERROR;
				GCC_WARN_UNDECLARED_SELECTOR = YES;
				GCC_WARN_UNINITIALIZED_AUTOS = YES_AGGRESSIVE;
				GCC_WARN_UNUSED_FUNCTION = YES;
				GCC_WARN_UNUSED_VARIABLE = YES;
				IPHONEOS_DEPLOYMENT_TARGET = 17.0;
				LOCALIZATION_PREFERS_STRING_CATALOGS = YES;
				MTL_ENABLE_DEBUG_INFO = INCLUDE_SOURCE;
				MTL_FAST_MATH = YES;
				ONLY_ACTIVE_ARCH = YES;
				SDKROOT = iphoneos;
				SWIFT_ACTIVE_COMPILATION_CONDITIONS = "DEBUG $(inherited)";
				SWIFT_OPTIMIZATION_LEVEL = "-Onone";
			};
			name = Debug;
		};
		3071A9B62B0C467B007405B4 /* Release */ = {
			isa = XCBuildConfiguration;
			buildSettings = {
				ALWAYS_SEARCH_USER_PATHS = NO;
				ASSETCATALOG_COMPILER_GENERATE_SWIFT_ASSET_SYMBOL_EXTENSIONS = YES;
				CLANG_ANALYZER_NONNULL = YES;
				CLANG_ANALYZER_NUMBER_OBJECT_CONVERSION = YES_AGGRESSIVE;
				CLANG_CXX_LANGUAGE_STANDARD = "gnu++20";
				CLANG_ENABLE_MODULES = YES;
				CLANG_ENABLE_OBJC_ARC = YES;
				CLANG_ENABLE_OBJC_WEAK = YES;
				CLANG_WARN_BLOCK_CAPTURE_AUTORELEASING = YES;
				CLANG_WARN_BOOL_CONVERSION = YES;
				CLANG_WARN_COMMA = YES;
				CLANG_WARN_CONSTANT_CONVERSION = YES;
				CLANG_WARN_DEPRECATED_OBJC_IMPLEMENTATIONS = YES;
				CLANG_WARN_DIRECT_OBJC_ISA_USAGE = YES_ERROR;
				CLANG_WARN_DOCUMENTATION_COMMENTS = YES;
				CLANG_WARN_EMPTY_BODY = YES;
				CLANG_WARN_ENUM_CONVERSION = YES;
				CLANG_WARN_INFINITE_RECURSION = YES;
				CLANG_WARN_INT_CONVERSION = YES;
				CLANG_WARN_NON_LITERAL_NULL_CONVERSION = YES;
				CLANG_WARN_OBJC_IMPLICIT_RETAIN_SELF = YES;
				CLANG_WARN_OBJC_LITERAL_CONVERSION = YES;
				CLANG_WARN_OBJC_ROOT_CLASS = YES_ERROR;
				CLANG_WARN_QUOTED_INCLUDE_IN_FRAMEWORK_HEADER = YES;
				CLANG_WARN_RANGE_LOOP_ANALYSIS = YES;
				CLANG_WARN_STRICT_PROTOTYPES = YES;
				CLANG_WARN_SUSPICIOUS_MOVE = YES;
				CLANG_WARN_UNGUARDED_AVAILABILITY = YES_AGGRESSIVE;
				CLANG_WARN_UNREACHABLE_CODE = YES;
				CLANG_WARN__DUPLICATE_METHOD_MATCH = YES;
				COPY_PHASE_STRIP = NO;
				DEBUG_INFORMATION_FORMAT = "dwarf-with-dsym";
				ENABLE_NS_ASSERTIONS = NO;
				ENABLE_STRICT_OBJC_MSGSEND = YES;
				ENABLE_USER_SCRIPT_SANDBOXING = YES;
				GCC_C_LANGUAGE_STANDARD = gnu17;
				GCC_NO_COMMON_BLOCKS = YES;
				GCC_WARN_64_TO_32_BIT_CONVERSION = YES;
				GCC_WARN_ABOUT_RETURN_TYPE = YES_ERROR;
				GCC_WARN_UNDECLARED_SELECTOR = YES;
				GCC_WARN_UNINITIALIZED_AUTOS = YES_AGGRESSIVE;
				GCC_WARN_UNUSED_FUNCTION = YES;
				GCC_WARN_UNUSED_VARIABLE = YES;
				IPHONEOS_DEPLOYMENT_TARGET = 17.0;
				LOCALIZATION_PREFERS_STRING_CATALOGS = YES;
				MTL_ENABLE_DEBUG_INFO = NO;
				MTL_FAST_MATH = YES;
				SDKROOT = iphoneos;
				SWIFT_COMPILATION_MODE = wholemodule;
				VALIDATE_PRODUCT = YES;
			};
			name = Release;
		};
		3071A9B82B0C467B007405B4 /* Debug */ = {
			isa = XCBuildConfiguration;
			buildSettings = {
				ALWAYS_EMBED_SWIFT_STANDARD_LIBRARIES = YES;
				ASSETCATALOG_COMPILER_APPICON_NAME = AppIcon;
				ASSETCATALOG_COMPILER_GLOBAL_ACCENT_COLOR_NAME = AccentColor;
				CODE_SIGN_STYLE = Automatic;
				CURRENT_PROJECT_VERSION = 1;
				DEVELOPMENT_ASSET_PATHS = "\"CombineTMDBMovie/Preview Content\"";
				DEVELOPMENT_TEAM = 6GH2ZWT255;
				ENABLE_PREVIEWS = YES;
				GENERATE_INFOPLIST_FILE = YES;
				INFOPLIST_KEY_UIApplicationSceneManifest_Generation = YES;
				INFOPLIST_KEY_UIApplicationSupportsIndirectInputEvents = YES;
				INFOPLIST_KEY_UILaunchScreen_Generation = YES;
				INFOPLIST_KEY_UISupportedInterfaceOrientations_iPad = "UIInterfaceOrientationPortrait UIInterfaceOrientationPortraitUpsideDown UIInterfaceOrientationLandscapeLeft UIInterfaceOrientationLandscapeRight";
				INFOPLIST_KEY_UISupportedInterfaceOrientations_iPhone = "UIInterfaceOrientationPortrait UIInterfaceOrientationLandscapeLeft UIInterfaceOrientationLandscapeRight";
				LD_RUNPATH_SEARCH_PATHS = (
					"$(inherited)",
					"@executable_path/Frameworks",
				);
				MARKETING_VERSION = 1.0;
				PRODUCT_BUNDLE_IDENTIFIER = bingbing.CombineTMDBMovie;
				PRODUCT_NAME = "$(TARGET_NAME)";
				SWIFT_EMIT_LOC_STRINGS = YES;
				SWIFT_VERSION = 5.0;
				TARGETED_DEVICE_FAMILY = "1,2";
			};
			name = Debug;
		};
		3071A9B92B0C467B007405B4 /* Release */ = {
			isa = XCBuildConfiguration;
			buildSettings = {
				ALWAYS_EMBED_SWIFT_STANDARD_LIBRARIES = YES;
				ASSETCATALOG_COMPILER_APPICON_NAME = AppIcon;
				ASSETCATALOG_COMPILER_GLOBAL_ACCENT_COLOR_NAME = AccentColor;
				CODE_SIGN_STYLE = Automatic;
				CURRENT_PROJECT_VERSION = 1;
				DEVELOPMENT_ASSET_PATHS = "\"CombineTMDBMovie/Preview Content\"";
				DEVELOPMENT_TEAM = 6GH2ZWT255;
				ENABLE_PREVIEWS = YES;
				GENERATE_INFOPLIST_FILE = YES;
				INFOPLIST_KEY_UIApplicationSceneManifest_Generation = YES;
				INFOPLIST_KEY_UIApplicationSupportsIndirectInputEvents = YES;
				INFOPLIST_KEY_UILaunchScreen_Generation = YES;
				INFOPLIST_KEY_UISupportedInterfaceOrientations_iPad = "UIInterfaceOrientationPortrait UIInterfaceOrientationPortraitUpsideDown UIInterfaceOrientationLandscapeLeft UIInterfaceOrientationLandscapeRight";
				INFOPLIST_KEY_UISupportedInterfaceOrientations_iPhone = "UIInterfaceOrientationPortrait UIInterfaceOrientationLandscapeLeft UIInterfaceOrientationLandscapeRight";
				LD_RUNPATH_SEARCH_PATHS = (
					"$(inherited)",
					"@executable_path/Frameworks",
				);
				MARKETING_VERSION = 1.0;
				PRODUCT_BUNDLE_IDENTIFIER = bingbing.CombineTMDBMovie;
				PRODUCT_NAME = "$(TARGET_NAME)";
				SWIFT_EMIT_LOC_STRINGS = YES;
				SWIFT_VERSION = 5.0;
				TARGETED_DEVICE_FAMILY = "1,2";
			};
			name = Release;
		};
		3071A9BB2B0C467B007405B4 /* Debug */ = {
			isa = XCBuildConfiguration;
			buildSettings = {
				ALWAYS_EMBED_SWIFT_STANDARD_LIBRARIES = YES;
				BUNDLE_LOADER = "$(TEST_HOST)";
				CODE_SIGN_STYLE = Automatic;
				CURRENT_PROJECT_VERSION = 1;
				GENERATE_INFOPLIST_FILE = YES;
				IPHONEOS_DEPLOYMENT_TARGET = 17.0;
				MARKETING_VERSION = 1.0;
				PRODUCT_BUNDLE_IDENTIFIER = bingbing.CombineTMDBMovieTests;
				PRODUCT_NAME = "$(TARGET_NAME)";
				SWIFT_EMIT_LOC_STRINGS = NO;
				SWIFT_VERSION = 5.0;
				TARGETED_DEVICE_FAMILY = "1,2";
				TEST_HOST = "$(BUILT_PRODUCTS_DIR)/CombineTMDBMovie.app/$(BUNDLE_EXECUTABLE_FOLDER_PATH)/CombineTMDBMovie";
			};
			name = Debug;
		};
		3071A9BC2B0C467B007405B4 /* Release */ = {
			isa = XCBuildConfiguration;
			buildSettings = {
				ALWAYS_EMBED_SWIFT_STANDARD_LIBRARIES = YES;
				BUNDLE_LOADER = "$(TEST_HOST)";
				CODE_SIGN_STYLE = Automatic;
				CURRENT_PROJECT_VERSION = 1;
				GENERATE_INFOPLIST_FILE = YES;
				IPHONEOS_DEPLOYMENT_TARGET = 17.0;
				MARKETING_VERSION = 1.0;
				PRODUCT_BUNDLE_IDENTIFIER = bingbing.CombineTMDBMovieTests;
				PRODUCT_NAME = "$(TARGET_NAME)";
				SWIFT_EMIT_LOC_STRINGS = NO;
				SWIFT_VERSION = 5.0;
				TARGETED_DEVICE_FAMILY = "1,2";
				TEST_HOST = "$(BUILT_PRODUCTS_DIR)/CombineTMDBMovie.app/$(BUNDLE_EXECUTABLE_FOLDER_PATH)/CombineTMDBMovie";
			};
			name = Release;
		};
		3071A9BE2B0C467B007405B4 /* Debug */ = {
			isa = XCBuildConfiguration;
			buildSettings = {
				ALWAYS_EMBED_SWIFT_STANDARD_LIBRARIES = YES;
				CODE_SIGN_STYLE = Automatic;
				CURRENT_PROJECT_VERSION = 1;
				DEVELOPMENT_TEAM = 6GH2ZWT255;
				GENERATE_INFOPLIST_FILE = YES;
				MARKETING_VERSION = 1.0;
				PRODUCT_BUNDLE_IDENTIFIER = bingbing.CombineTMDBMovieUITests;
				PRODUCT_NAME = "$(TARGET_NAME)";
				SWIFT_EMIT_LOC_STRINGS = NO;
				SWIFT_VERSION = 5.0;
				TARGETED_DEVICE_FAMILY = "1,2";
				TEST_TARGET_NAME = CombineTMDBMovie;
			};
			name = Debug;
		};
		3071A9BF2B0C467B007405B4 /* Release */ = {
			isa = XCBuildConfiguration;
			buildSettings = {
				ALWAYS_EMBED_SWIFT_STANDARD_LIBRARIES = YES;
				CODE_SIGN_STYLE = Automatic;
				CURRENT_PROJECT_VERSION = 1;
				DEVELOPMENT_TEAM = 6GH2ZWT255;
				GENERATE_INFOPLIST_FILE = YES;
				MARKETING_VERSION = 1.0;
				PRODUCT_BUNDLE_IDENTIFIER = bingbing.CombineTMDBMovieUITests;
				PRODUCT_NAME = "$(TARGET_NAME)";
				SWIFT_EMIT_LOC_STRINGS = NO;
				SWIFT_VERSION = 5.0;
				TARGETED_DEVICE_FAMILY = "1,2";
				TEST_TARGET_NAME = CombineTMDBMovie;
			};
			name = Release;
		};
/* End XCBuildConfiguration section */

/* Begin XCConfigurationList section */
		30660A902B0C6214000FD0E2 /* Build configuration list for PBXNativeTarget "TMDBApi" */ = {
			isa = XCConfigurationList;
			buildConfigurations = (
				30660A912B0C6214000FD0E2 /* Debug */,
				30660A922B0C6214000FD0E2 /* Release */,
			);
			defaultConfigurationIsVisible = 0;
			defaultConfigurationName = Release;
		};
		30660A942B0C6214000FD0E2 /* Build configuration list for PBXNativeTarget "TMDBApiTests" */ = {
			isa = XCConfigurationList;
			buildConfigurations = (
				30660A952B0C6214000FD0E2 /* Debug */,
				30660A962B0C6214000FD0E2 /* Release */,
			);
			defaultConfigurationIsVisible = 0;
			defaultConfigurationName = Release;
		};
		30660AD02B0C946B000FD0E2 /* Build configuration list for PBXNativeTarget "TMDBLibrary" */ = {
			isa = XCConfigurationList;
			buildConfigurations = (
				30660AD12B0C946B000FD0E2 /* Debug */,
				30660AD22B0C946B000FD0E2 /* Release */,
			);
			defaultConfigurationIsVisible = 0;
			defaultConfigurationName = Release;
		};
		30660AD32B0C946B000FD0E2 /* Build configuration list for PBXNativeTarget "TMDBLibraryTests" */ = {
			isa = XCConfigurationList;
			buildConfigurations = (
				30660AD42B0C946B000FD0E2 /* Debug */,
				30660AD52B0C946B000FD0E2 /* Release */,
			);
			defaultConfigurationIsVisible = 0;
			defaultConfigurationName = Release;
		};
		3071A98E2B0C467A007405B4 /* Build configuration list for PBXProject "CombineTMDBMovie" */ = {
			isa = XCConfigurationList;
			buildConfigurations = (
				3071A9B52B0C467B007405B4 /* Debug */,
				3071A9B62B0C467B007405B4 /* Release */,
			);
			defaultConfigurationIsVisible = 0;
			defaultConfigurationName = Release;
		};
		3071A9B72B0C467B007405B4 /* Build configuration list for PBXNativeTarget "CombineTMDBMovie" */ = {
			isa = XCConfigurationList;
			buildConfigurations = (
				3071A9B82B0C467B007405B4 /* Debug */,
				3071A9B92B0C467B007405B4 /* Release */,
			);
			defaultConfigurationIsVisible = 0;
			defaultConfigurationName = Release;
		};
		3071A9BA2B0C467B007405B4 /* Build configuration list for PBXNativeTarget "CombineTMDBMovieTests" */ = {
			isa = XCConfigurationList;
			buildConfigurations = (
				3071A9BB2B0C467B007405B4 /* Debug */,
				3071A9BC2B0C467B007405B4 /* Release */,
			);
			defaultConfigurationIsVisible = 0;
			defaultConfigurationName = Release;
		};
		3071A9BD2B0C467B007405B4 /* Build configuration list for PBXNativeTarget "CombineTMDBMovieUITests" */ = {
			isa = XCConfigurationList;
			buildConfigurations = (
				3071A9BE2B0C467B007405B4 /* Debug */,
				3071A9BF2B0C467B007405B4 /* Release */,
			);
			defaultConfigurationIsVisible = 0;
			defaultConfigurationName = Release;
		};
/* End XCConfigurationList section */

/* Begin XCRemoteSwiftPackageReference section */
		30660A712B0C615F000FD0E2 /* XCRemoteSwiftPackageReference "swift-composable-architecture" */ = {
			isa = XCRemoteSwiftPackageReference;
			repositoryURL = "https://github.com/pointfreeco/swift-composable-architecture.git";
			requirement = {
				kind = upToNextMajorVersion;
				minimumVersion = 1.4.2;
			};
		};
		30660AFB2B0CAC57000FD0E2 /* XCRemoteSwiftPackageReference "Kingfisher" */ = {
			isa = XCRemoteSwiftPackageReference;
			repositoryURL = "https://github.com/onevcat/Kingfisher.git";
			requirement = {
				kind = upToNextMajorVersion;
				minimumVersion = 7.10.0;
			};
		};
		307A661B2B0F58700023E980 /* XCRemoteSwiftPackageReference "swift-dependencies" */ = {
			isa = XCRemoteSwiftPackageReference;
			repositoryURL = "https://github.com/pointfreeco/swift-dependencies.git";
			requirement = {
				kind = upToNextMajorVersion;
				minimumVersion = 1.1.1;
			};
		};
		3085EC762B14288900DA50AA /* XCRemoteSwiftPackageReference "swift-case-paths" */ = {
			isa = XCRemoteSwiftPackageReference;
			repositoryURL = "https://github.com/pointfreeco/swift-case-paths.git";
			requirement = {
				kind = upToNextMajorVersion;
				minimumVersion = 1.1.1;
			};
		};
/* End XCRemoteSwiftPackageReference section */

/* Begin XCSwiftPackageProductDependency section */
		30660A982B0C621F000FD0E2 /* ComposableArchitecture */ = {
			isa = XCSwiftPackageProductDependency;
			package = 30660A712B0C615F000FD0E2 /* XCRemoteSwiftPackageReference "swift-composable-architecture" */;
			productName = ComposableArchitecture;
		};
		30660AE52B0C9678000FD0E2 /* ComposableArchitecture */ = {
			isa = XCSwiftPackageProductDependency;
			package = 30660A712B0C615F000FD0E2 /* XCRemoteSwiftPackageReference "swift-composable-architecture" */;
			productName = ComposableArchitecture;
		};
		30660AFC2B0CAC63000FD0E2 /* Kingfisher */ = {
			isa = XCSwiftPackageProductDependency;
			package = 30660AFB2B0CAC57000FD0E2 /* XCRemoteSwiftPackageReference "Kingfisher" */;
			productName = Kingfisher;
		};
		307A66152B0F54090023E980 /* ComposableArchitecture */ = {
			isa = XCSwiftPackageProductDependency;
			package = 30660A712B0C615F000FD0E2 /* XCRemoteSwiftPackageReference "swift-composable-architecture" */;
			productName = ComposableArchitecture;
		};
		307A66172B0F581C0023E980 /* Kingfisher */ = {
			isa = XCSwiftPackageProductDependency;
			package = 30660AFB2B0CAC57000FD0E2 /* XCRemoteSwiftPackageReference "Kingfisher" */;
			productName = Kingfisher;
		};
		307A66192B0F58250023E980 /* Kingfisher */ = {
			isa = XCSwiftPackageProductDependency;
			package = 30660AFB2B0CAC57000FD0E2 /* XCRemoteSwiftPackageReference "Kingfisher" */;
			productName = Kingfisher;
		};
		307A661C2B0F58700023E980 /* Dependencies */ = {
			isa = XCSwiftPackageProductDependency;
			package = 307A661B2B0F58700023E980 /* XCRemoteSwiftPackageReference "swift-dependencies" */;
			productName = Dependencies;
		};
		307A661E2B0F58700023E980 /* DependenciesMacros */ = {
			isa = XCSwiftPackageProductDependency;
			package = 307A661B2B0F58700023E980 /* XCRemoteSwiftPackageReference "swift-dependencies" */;
			productName = DependenciesMacros;
		};
		307A66202B0F588B0023E980 /* Dependencies */ = {
			isa = XCSwiftPackageProductDependency;
			package = 307A661B2B0F58700023E980 /* XCRemoteSwiftPackageReference "swift-dependencies" */;
			productName = Dependencies;
		};
		307A66222B0F588B0023E980 /* DependenciesMacros */ = {
			isa = XCSwiftPackageProductDependency;
			package = 307A661B2B0F58700023E980 /* XCRemoteSwiftPackageReference "swift-dependencies" */;
			productName = DependenciesMacros;
		};
		3085EC772B14288900DA50AA /* CasePaths */ = {
			isa = XCSwiftPackageProductDependency;
			package = 3085EC762B14288900DA50AA /* XCRemoteSwiftPackageReference "swift-case-paths" */;
			productName = CasePaths;
		};
		3085EC792B14289800DA50AA /* CasePaths */ = {
			isa = XCSwiftPackageProductDependency;
			package = 3085EC762B14288900DA50AA /* XCRemoteSwiftPackageReference "swift-case-paths" */;
			productName = CasePaths;
		};
/* End XCSwiftPackageProductDependency section */
	};
	rootObject = 3071A98B2B0C467A007405B4 /* Project object */;
}
